// !$*UTF8*$!
{
	archiveVersion = 1;
	classes = {
	};
	objectVersion = 56;
	objects = {

/* Begin PBXBuildFile section */
		AB57BFB02B8DBC03005ECF30 /* FirebaseAnalytics in Frameworks */ = {isa = PBXBuildFile; productRef = AB57BFAF2B8DBC03005ECF30 /* FirebaseAnalytics */; };
		AB57BFB22B8DBC03005ECF30 /* FirebaseAnalyticsOnDeviceConversion in Frameworks */ = {isa = PBXBuildFile; productRef = AB57BFB12B8DBC03005ECF30 /* FirebaseAnalyticsOnDeviceConversion */; };
		AB57BFB42B8DBC03005ECF30 /* FirebaseAnalyticsSwift in Frameworks */ = {isa = PBXBuildFile; productRef = AB57BFB32B8DBC03005ECF30 /* FirebaseAnalyticsSwift */; };
		AB57BFB62B8DBC03005ECF30 /* FirebaseAnalyticsWithoutAdIdSupport in Frameworks */ = {isa = PBXBuildFile; productRef = AB57BFB52B8DBC03005ECF30 /* FirebaseAnalyticsWithoutAdIdSupport */; };
		AB57BFB82B8DBC03005ECF30 /* FirebaseAuth in Frameworks */ = {isa = PBXBuildFile; productRef = AB57BFB72B8DBC03005ECF30 /* FirebaseAuth */; };
		AB57BFBA2B8DBC03005ECF30 /* FirebaseAuthCombine-Community in Frameworks */ = {isa = PBXBuildFile; productRef = AB57BFB92B8DBC03005ECF30 /* FirebaseAuthCombine-Community */; };
		AB57BFBC2B8DBC03005ECF30 /* FirebaseDatabase in Frameworks */ = {isa = PBXBuildFile; productRef = AB57BFBB2B8DBC03005ECF30 /* FirebaseDatabase */; };
		AB57BFBE2B8DBC03005ECF30 /* FirebaseDatabaseSwift in Frameworks */ = {isa = PBXBuildFile; productRef = AB57BFBD2B8DBC03005ECF30 /* FirebaseDatabaseSwift */; };
		AB57BFC02B8DBC03005ECF30 /* FirebaseDynamicLinks in Frameworks */ = {isa = PBXBuildFile; productRef = AB57BFBF2B8DBC03005ECF30 /* FirebaseDynamicLinks */; };
		AB57BFC22B8DBC03005ECF30 /* FirebaseFirestore in Frameworks */ = {isa = PBXBuildFile; productRef = AB57BFC12B8DBC03005ECF30 /* FirebaseFirestore */; };
		AB57BFC42B8DBC03005ECF30 /* FirebaseFirestoreCombine-Community in Frameworks */ = {isa = PBXBuildFile; productRef = AB57BFC32B8DBC03005ECF30 /* FirebaseFirestoreCombine-Community */; };
		AB57BFC62B8DBC03005ECF30 /* FirebaseFirestoreSwift in Frameworks */ = {isa = PBXBuildFile; productRef = AB57BFC52B8DBC03005ECF30 /* FirebaseFirestoreSwift */; };
		AB57BFC82B8DBC03005ECF30 /* FirebaseFunctions in Frameworks */ = {isa = PBXBuildFile; productRef = AB57BFC72B8DBC03005ECF30 /* FirebaseFunctions */; };
		AB57BFCA2B8DBC03005ECF30 /* FirebaseFunctionsCombine-Community in Frameworks */ = {isa = PBXBuildFile; productRef = AB57BFC92B8DBC03005ECF30 /* FirebaseFunctionsCombine-Community */; };
		AB57BFCC2B8DBC03005ECF30 /* FirebaseRemoteConfigSwift in Frameworks */ = {isa = PBXBuildFile; productRef = AB57BFCB2B8DBC03005ECF30 /* FirebaseRemoteConfigSwift */; };
		AB57BFCE2B8DBC03005ECF30 /* FirebaseStorage in Frameworks */ = {isa = PBXBuildFile; productRef = AB57BFCD2B8DBC03005ECF30 /* FirebaseStorage */; };
		AB57BFD02B8DBC03005ECF30 /* FirebaseStorageCombine-Community in Frameworks */ = {isa = PBXBuildFile; productRef = AB57BFCF2B8DBC03005ECF30 /* FirebaseStorageCombine-Community */; };
		AB5E87392B8723A9003822C2 /* ClassJoinCodeGeneration.swift in Sources */ = {isa = PBXBuildFile; fileRef = AB5E87382B8723A9003822C2 /* ClassJoinCodeGeneration.swift */; };
		AB5E873E2B873524003822C2 /* InstructorDashboard.swift in Sources */ = {isa = PBXBuildFile; fileRef = AB5E873D2B873524003822C2 /* InstructorDashboard.swift */; };
		AB73422F2B8DD401006C949F /* GoogleService-Info.plist in Resources */ = {isa = PBXBuildFile; fileRef = AB73422E2B8DD401006C949F /* GoogleService-Info.plist */; };
		ABA082012B8EC0B500A55A98 /* AuthViewModel.swift in Sources */ = {isa = PBXBuildFile; fileRef = ABA082002B8EC0B500A55A98 /* AuthViewModel.swift */; };
		ABA082032B8EC4CB00A55A98 /* RootView.swift in Sources */ = {isa = PBXBuildFile; fileRef = ABA082022B8EC4CB00A55A98 /* RootView.swift */; };
		ABAC219A2B8EC020005CF27E /* User.swift in Sources */ = {isa = PBXBuildFile; fileRef = ABAC21992B8EC020005CF27E /* User.swift */; };
		ABADDFE62B85D3C300614BB2 /* CreateAccount.swift in Sources */ = {isa = PBXBuildFile; fileRef = ABADDFE52B85D3C300614BB2 /* CreateAccount.swift */; };
		ABC70E022B713DD000A4FFF3 /* Teachers_PetApp.swift in Sources */ = {isa = PBXBuildFile; fileRef = ABC70E012B713DD000A4FFF3 /* Teachers_PetApp.swift */; };
		ABC70E042B713DD000A4FFF3 /* WelcomeScreen.swift in Sources */ = {isa = PBXBuildFile; fileRef = ABC70E032B713DD000A4FFF3 /* WelcomeScreen.swift */; };
		ABC70E062B713DD100A4FFF3 /* Assets.xcassets in Resources */ = {isa = PBXBuildFile; fileRef = ABC70E052B713DD100A4FFF3 /* Assets.xcassets */; };
		ABC70E0A2B713DD100A4FFF3 /* Preview Assets.xcassets in Resources */ = {isa = PBXBuildFile; fileRef = ABC70E092B713DD100A4FFF3 /* Preview Assets.xcassets */; };
		ABE645E52B88732D0072AA66 /* SignIn.swift in Sources */ = {isa = PBXBuildFile; fileRef = ABE645E42B88732D0072AA66 /* SignIn.swift */; };
		DBE6CEB22B873E7A00C38C6A /* Instructorview.swift in Sources */ = {isa = PBXBuildFile; fileRef = DBE6CEB12B873E7A00C38C6A /* Instructorview.swift */; };
		DBF643E82B87149A00FD5C68 /* CreateClass.swift in Sources */ = {isa = PBXBuildFile; fileRef = DBF643E72B87149A00FD5C68 /* CreateClass.swift */; };
/* End PBXBuildFile section */

/* Begin PBXFileReference section */
		AB5E87382B8723A9003822C2 /* ClassJoinCodeGeneration.swift */ = {isa = PBXFileReference; lastKnownFileType = sourcecode.swift; path = ClassJoinCodeGeneration.swift; sourceTree = "<group>"; };
		AB5E873D2B873524003822C2 /* InstructorDashboard.swift */ = {isa = PBXFileReference; lastKnownFileType = sourcecode.swift; path = InstructorDashboard.swift; sourceTree = "<group>"; };
		AB73422E2B8DD401006C949F /* GoogleService-Info.plist */ = {isa = PBXFileReference; fileEncoding = 4; lastKnownFileType = text.plist.xml; name = "GoogleService-Info.plist"; path = "../../../../../Downloads/GoogleService-Info.plist"; sourceTree = "<group>"; };
		ABA082002B8EC0B500A55A98 /* AuthViewModel.swift */ = {isa = PBXFileReference; lastKnownFileType = sourcecode.swift; path = AuthViewModel.swift; sourceTree = "<group>"; };
		ABA082022B8EC4CB00A55A98 /* RootView.swift */ = {isa = PBXFileReference; lastKnownFileType = sourcecode.swift; path = RootView.swift; sourceTree = "<group>"; };
		ABAC21992B8EC020005CF27E /* User.swift */ = {isa = PBXFileReference; lastKnownFileType = sourcecode.swift; path = User.swift; sourceTree = "<group>"; };
		ABADDFE52B85D3C300614BB2 /* CreateAccount.swift */ = {isa = PBXFileReference; lastKnownFileType = sourcecode.swift; path = CreateAccount.swift; sourceTree = "<group>"; };
		ABC70DFE2B713DD000A4FFF3 /* Teachers Pet.app */ = {isa = PBXFileReference; explicitFileType = wrapper.application; includeInIndex = 0; path = "Teachers Pet.app"; sourceTree = BUILT_PRODUCTS_DIR; };
		ABC70E012B713DD000A4FFF3 /* Teachers_PetApp.swift */ = {isa = PBXFileReference; lastKnownFileType = sourcecode.swift; path = Teachers_PetApp.swift; sourceTree = "<group>"; };
		ABC70E032B713DD000A4FFF3 /* WelcomeScreen.swift */ = {isa = PBXFileReference; lastKnownFileType = sourcecode.swift; path = WelcomeScreen.swift; sourceTree = "<group>"; };
		ABC70E052B713DD100A4FFF3 /* Assets.xcassets */ = {isa = PBXFileReference; lastKnownFileType = folder.assetcatalog; path = Assets.xcassets; sourceTree = "<group>"; };
		ABC70E072B713DD100A4FFF3 /* Teachers_Pet.entitlements */ = {isa = PBXFileReference; lastKnownFileType = text.plist.entitlements; path = Teachers_Pet.entitlements; sourceTree = "<group>"; };
		ABC70E092B713DD100A4FFF3 /* Preview Assets.xcassets */ = {isa = PBXFileReference; lastKnownFileType = folder.assetcatalog; path = "Preview Assets.xcassets"; sourceTree = "<group>"; };
		ABE645E42B88732D0072AA66 /* SignIn.swift */ = {isa = PBXFileReference; lastKnownFileType = sourcecode.swift; path = SignIn.swift; sourceTree = "<group>"; };
		DBE6CEB12B873E7A00C38C6A /* Instructorview.swift */ = {isa = PBXFileReference; lastKnownFileType = sourcecode.swift; path = Instructorview.swift; sourceTree = "<group>"; };
		DBF643E72B87149A00FD5C68 /* CreateClass.swift */ = {isa = PBXFileReference; lastKnownFileType = sourcecode.swift; path = CreateClass.swift; sourceTree = "<group>"; };
/* End PBXFileReference section */

/* Begin PBXFrameworksBuildPhase section */
		ABC70DFB2B713DD000A4FFF3 /* Frameworks */ = {
			isa = PBXFrameworksBuildPhase;
			buildActionMask = 2147483647;
			files = (
				AB57BFBE2B8DBC03005ECF30 /* FirebaseDatabaseSwift in Frameworks */,
				AB57BFB42B8DBC03005ECF30 /* FirebaseAnalyticsSwift in Frameworks */,
				AB57BFBA2B8DBC03005ECF30 /* FirebaseAuthCombine-Community in Frameworks */,
				AB57BFC22B8DBC03005ECF30 /* FirebaseFirestore in Frameworks */,
				AB57BFB82B8DBC03005ECF30 /* FirebaseAuth in Frameworks */,
				AB57BFCE2B8DBC03005ECF30 /* FirebaseStorage in Frameworks */,
				AB57BFD02B8DBC03005ECF30 /* FirebaseStorageCombine-Community in Frameworks */,
				AB57BFC42B8DBC03005ECF30 /* FirebaseFirestoreCombine-Community in Frameworks */,
				AB57BFB02B8DBC03005ECF30 /* FirebaseAnalytics in Frameworks */,
				AB57BFCA2B8DBC03005ECF30 /* FirebaseFunctionsCombine-Community in Frameworks */,
				AB57BFC02B8DBC03005ECF30 /* FirebaseDynamicLinks in Frameworks */,
				AB57BFB22B8DBC03005ECF30 /* FirebaseAnalyticsOnDeviceConversion in Frameworks */,
				AB57BFC82B8DBC03005ECF30 /* FirebaseFunctions in Frameworks */,
				AB57BFBC2B8DBC03005ECF30 /* FirebaseDatabase in Frameworks */,
				AB57BFCC2B8DBC03005ECF30 /* FirebaseRemoteConfigSwift in Frameworks */,
				AB57BFB62B8DBC03005ECF30 /* FirebaseAnalyticsWithoutAdIdSupport in Frameworks */,
				AB57BFC62B8DBC03005ECF30 /* FirebaseFirestoreSwift in Frameworks */,
			);
			runOnlyForDeploymentPostprocessing = 0;
		};
/* End PBXFrameworksBuildPhase section */

/* Begin PBXGroup section */
		AB4B930F2B88285900FAEC37 /* InstructorView */ = {
			isa = PBXGroup;
			children = (
				AB5E87382B8723A9003822C2 /* ClassJoinCodeGeneration.swift */,
				DBF643E72B87149A00FD5C68 /* CreateClass.swift */,
				AB5E873D2B873524003822C2 /* InstructorDashboard.swift */,
				DBE6CEB12B873E7A00C38C6A /* Instructorview.swift */,
			);
			path = InstructorView;
			sourceTree = "<group>";
		};
		ABAC21972B8EBFC2005CF27E /* FirebaseAuth */ = {
			isa = PBXGroup;
			children = (
				ABAC21992B8EC020005CF27E /* User.swift */,
				ABA082002B8EC0B500A55A98 /* AuthViewModel.swift */,
			);
			path = FirebaseAuth;
			sourceTree = "<group>";
		};
		ABC70DF52B713DD000A4FFF3 = {
			isa = PBXGroup;
			children = (
				ABC70E002B713DD000A4FFF3 /* Teachers Pet */,
				ABC70DFF2B713DD000A4FFF3 /* Products */,
			);
			sourceTree = "<group>";
		};
		ABC70DFF2B713DD000A4FFF3 /* Products */ = {
			isa = PBXGroup;
			children = (
				ABC70DFE2B713DD000A4FFF3 /* Teachers Pet.app */,
			);
			name = Products;
			sourceTree = "<group>";
		};
		ABC70E002B713DD000A4FFF3 /* Teachers Pet */ = {
			isa = PBXGroup;
			children = (
				ABC70E012B713DD000A4FFF3 /* Teachers_PetApp.swift */,
				ABC70E032B713DD000A4FFF3 /* WelcomeScreen.swift */,
				ABA082022B8EC4CB00A55A98 /* RootView.swift */,
				ABADDFE52B85D3C300614BB2 /* CreateAccount.swift */,
				ABE645E42B88732D0072AA66 /* SignIn.swift */,
				AB4B930F2B88285900FAEC37 /* InstructorView */,
				ABAC21972B8EBFC2005CF27E /* FirebaseAuth */,
				ABC70E052B713DD100A4FFF3 /* Assets.xcassets */,
				AB73422E2B8DD401006C949F /* GoogleService-Info.plist */,
				ABC70E072B713DD100A4FFF3 /* Teachers_Pet.entitlements */,
				ABC70E082B713DD100A4FFF3 /* Preview Content */,
			);
			path = "Teachers Pet";
			sourceTree = "<group>";
		};
		ABC70E082B713DD100A4FFF3 /* Preview Content */ = {
			isa = PBXGroup;
			children = (
				ABC70E092B713DD100A4FFF3 /* Preview Assets.xcassets */,
			);
			path = "Preview Content";
			sourceTree = "<group>";
		};
/* End PBXGroup section */

/* Begin PBXNativeTarget section */
		ABC70DFD2B713DD000A4FFF3 /* Teachers Pet */ = {
			isa = PBXNativeTarget;
			buildConfigurationList = ABC70E0D2B713DD100A4FFF3 /* Build configuration list for PBXNativeTarget "Teachers Pet" */;
			buildPhases = (
				ABC70DFA2B713DD000A4FFF3 /* Sources */,
				ABC70DFB2B713DD000A4FFF3 /* Frameworks */,
				ABC70DFC2B713DD000A4FFF3 /* Resources */,
			);
			buildRules = (
			);
			dependencies = (
			);
			name = "Teachers Pet";
			packageProductDependencies = (
				AB57BFAF2B8DBC03005ECF30 /* FirebaseAnalytics */,
				AB57BFB12B8DBC03005ECF30 /* FirebaseAnalyticsOnDeviceConversion */,
				AB57BFB32B8DBC03005ECF30 /* FirebaseAnalyticsSwift */,
				AB57BFB52B8DBC03005ECF30 /* FirebaseAnalyticsWithoutAdIdSupport */,
				AB57BFB72B8DBC03005ECF30 /* FirebaseAuth */,
				AB57BFB92B8DBC03005ECF30 /* FirebaseAuthCombine-Community */,
				AB57BFBB2B8DBC03005ECF30 /* FirebaseDatabase */,
				AB57BFBD2B8DBC03005ECF30 /* FirebaseDatabaseSwift */,
				AB57BFBF2B8DBC03005ECF30 /* FirebaseDynamicLinks */,
				AB57BFC12B8DBC03005ECF30 /* FirebaseFirestore */,
				AB57BFC32B8DBC03005ECF30 /* FirebaseFirestoreCombine-Community */,
				AB57BFC52B8DBC03005ECF30 /* FirebaseFirestoreSwift */,
				AB57BFC72B8DBC03005ECF30 /* FirebaseFunctions */,
				AB57BFC92B8DBC03005ECF30 /* FirebaseFunctionsCombine-Community */,
				AB57BFCB2B8DBC03005ECF30 /* FirebaseRemoteConfigSwift */,
				AB57BFCD2B8DBC03005ECF30 /* FirebaseStorage */,
				AB57BFCF2B8DBC03005ECF30 /* FirebaseStorageCombine-Community */,
			);
			productName = "Teachers Pet";
			productReference = ABC70DFE2B713DD000A4FFF3 /* Teachers Pet.app */;
			productType = "com.apple.product-type.application";
		};
/* End PBXNativeTarget section */

/* Begin PBXProject section */
		ABC70DF62B713DD000A4FFF3 /* Project object */ = {
			isa = PBXProject;
			attributes = {
				BuildIndependentTargetsInParallel = 1;
				LastSwiftUpdateCheck = 1500;
				LastUpgradeCheck = 1520;
				TargetAttributes = {
					ABC70DFD2B713DD000A4FFF3 = {
						CreatedOnToolsVersion = 15.0.1;
					};
				};
			};
			buildConfigurationList = ABC70DF92B713DD000A4FFF3 /* Build configuration list for PBXProject "Teachers Pet" */;
			compatibilityVersion = "Xcode 14.0";
			developmentRegion = en;
			hasScannedForEncodings = 0;
			knownRegions = (
				en,
				Base,
			);
			mainGroup = ABC70DF52B713DD000A4FFF3;
			packageReferences = (
				AB57BFAE2B8DBC03005ECF30 /* XCRemoteSwiftPackageReference "firebase-ios-sdk" */,
			);
			productRefGroup = ABC70DFF2B713DD000A4FFF3 /* Products */;
			projectDirPath = "";
			projectRoot = "";
			targets = (
				ABC70DFD2B713DD000A4FFF3 /* Teachers Pet */,
			);
		};
/* End PBXProject section */

/* Begin PBXResourcesBuildPhase section */
		ABC70DFC2B713DD000A4FFF3 /* Resources */ = {
			isa = PBXResourcesBuildPhase;
			buildActionMask = 2147483647;
			files = (
				ABC70E0A2B713DD100A4FFF3 /* Preview Assets.xcassets in Resources */,
				ABC70E062B713DD100A4FFF3 /* Assets.xcassets in Resources */,
				AB73422F2B8DD401006C949F /* GoogleService-Info.plist in Resources */,
			);
			runOnlyForDeploymentPostprocessing = 0;
		};
/* End PBXResourcesBuildPhase section */

/* Begin PBXSourcesBuildPhase section */
		ABC70DFA2B713DD000A4FFF3 /* Sources */ = {
			isa = PBXSourcesBuildPhase;
			buildActionMask = 2147483647;
			files = (
				ABC70E042B713DD000A4FFF3 /* WelcomeScreen.swift in Sources */,
				AB5E873E2B873524003822C2 /* InstructorDashboard.swift in Sources */,
				ABADDFE62B85D3C300614BB2 /* CreateAccount.swift in Sources */,
				AB5E87392B8723A9003822C2 /* ClassJoinCodeGeneration.swift in Sources */,
				DBF643E82B87149A00FD5C68 /* CreateClass.swift in Sources */,
				ABE645E52B88732D0072AA66 /* SignIn.swift in Sources */,
				ABA082012B8EC0B500A55A98 /* AuthViewModel.swift in Sources */,
				DBE6CEB22B873E7A00C38C6A /* Instructorview.swift in Sources */,
				ABAC219A2B8EC020005CF27E /* User.swift in Sources */,
				ABC70E022B713DD000A4FFF3 /* Teachers_PetApp.swift in Sources */,
				ABA082032B8EC4CB00A55A98 /* RootView.swift in Sources */,
			);
			runOnlyForDeploymentPostprocessing = 0;
		};
/* End PBXSourcesBuildPhase section */

/* Begin XCBuildConfiguration section */
		ABC70E0B2B713DD100A4FFF3 /* Debug */ = {
			isa = XCBuildConfiguration;
			buildSettings = {
				ALWAYS_SEARCH_USER_PATHS = NO;
				ASSETCATALOG_COMPILER_GENERATE_SWIFT_ASSET_SYMBOL_EXTENSIONS = YES;
				CLANG_ANALYZER_NONNULL = YES;
				CLANG_ANALYZER_NUMBER_OBJECT_CONVERSION = YES_AGGRESSIVE;
				CLANG_CXX_LANGUAGE_STANDARD = "gnu++20";
				CLANG_ENABLE_MODULES = YES;
				CLANG_ENABLE_OBJC_ARC = YES;
				CLANG_ENABLE_OBJC_WEAK = YES;
				CLANG_WARN_BLOCK_CAPTURE_AUTORELEASING = YES;
				CLANG_WARN_BOOL_CONVERSION = YES;
				CLANG_WARN_COMMA = YES;
				CLANG_WARN_CONSTANT_CONVERSION = YES;
				CLANG_WARN_DEPRECATED_OBJC_IMPLEMENTATIONS = YES;
				CLANG_WARN_DIRECT_OBJC_ISA_USAGE = YES_ERROR;
				CLANG_WARN_DOCUMENTATION_COMMENTS = YES;
				CLANG_WARN_EMPTY_BODY = YES;
				CLANG_WARN_ENUM_CONVERSION = YES;
				CLANG_WARN_INFINITE_RECURSION = YES;
				CLANG_WARN_INT_CONVERSION = YES;
				CLANG_WARN_NON_LITERAL_NULL_CONVERSION = YES;
				CLANG_WARN_OBJC_IMPLICIT_RETAIN_SELF = YES;
				CLANG_WARN_OBJC_LITERAL_CONVERSION = YES;
				CLANG_WARN_OBJC_ROOT_CLASS = YES_ERROR;
				CLANG_WARN_QUOTED_INCLUDE_IN_FRAMEWORK_HEADER = YES;
				CLANG_WARN_RANGE_LOOP_ANALYSIS = YES;
				CLANG_WARN_STRICT_PROTOTYPES = YES;
				CLANG_WARN_SUSPICIOUS_MOVE = YES;
				CLANG_WARN_UNGUARDED_AVAILABILITY = YES_AGGRESSIVE;
				CLANG_WARN_UNREACHABLE_CODE = YES;
				CLANG_WARN__DUPLICATE_METHOD_MATCH = YES;
				COPY_PHASE_STRIP = NO;
				DEAD_CODE_STRIPPING = YES;
				DEBUG_INFORMATION_FORMAT = dwarf;
				ENABLE_STRICT_OBJC_MSGSEND = YES;
				ENABLE_TESTABILITY = YES;
				ENABLE_USER_SCRIPT_SANDBOXING = YES;
				GCC_C_LANGUAGE_STANDARD = gnu17;
				GCC_DYNAMIC_NO_PIC = NO;
				GCC_NO_COMMON_BLOCKS = YES;
				GCC_OPTIMIZATION_LEVEL = 0;
				GCC_PREPROCESSOR_DEFINITIONS = (
					"DEBUG=1",
					"$(inherited)",
				);
				GCC_WARN_64_TO_32_BIT_CONVERSION = YES;
				GCC_WARN_ABOUT_RETURN_TYPE = YES_ERROR;
				GCC_WARN_UNDECLARED_SELECTOR = YES;
				GCC_WARN_UNINITIALIZED_AUTOS = YES_AGGRESSIVE;
				GCC_WARN_UNUSED_FUNCTION = YES;
				GCC_WARN_UNUSED_VARIABLE = YES;
				LOCALIZATION_PREFERS_STRING_CATALOGS = YES;
				MTL_ENABLE_DEBUG_INFO = INCLUDE_SOURCE;
				MTL_FAST_MATH = YES;
				ONLY_ACTIVE_ARCH = YES;
				SWIFT_ACTIVE_COMPILATION_CONDITIONS = "DEBUG $(inherited)";
				SWIFT_OPTIMIZATION_LEVEL = "-Onone";
			};
			name = Debug;
		};
		ABC70E0C2B713DD100A4FFF3 /* Release */ = {
			isa = XCBuildConfiguration;
			buildSettings = {
				ALWAYS_SEARCH_USER_PATHS = NO;
				ASSETCATALOG_COMPILER_GENERATE_SWIFT_ASSET_SYMBOL_EXTENSIONS = YES;
				CLANG_ANALYZER_NONNULL = YES;
				CLANG_ANALYZER_NUMBER_OBJECT_CONVERSION = YES_AGGRESSIVE;
				CLANG_CXX_LANGUAGE_STANDARD = "gnu++20";
				CLANG_ENABLE_MODULES = YES;
				CLANG_ENABLE_OBJC_ARC = YES;
				CLANG_ENABLE_OBJC_WEAK = YES;
				CLANG_WARN_BLOCK_CAPTURE_AUTORELEASING = YES;
				CLANG_WARN_BOOL_CONVERSION = YES;
				CLANG_WARN_COMMA = YES;
				CLANG_WARN_CONSTANT_CONVERSION = YES;
				CLANG_WARN_DEPRECATED_OBJC_IMPLEMENTATIONS = YES;
				CLANG_WARN_DIRECT_OBJC_ISA_USAGE = YES_ERROR;
				CLANG_WARN_DOCUMENTATION_COMMENTS = YES;
				CLANG_WARN_EMPTY_BODY = YES;
				CLANG_WARN_ENUM_CONVERSION = YES;
				CLANG_WARN_INFINITE_RECURSION = YES;
				CLANG_WARN_INT_CONVERSION = YES;
				CLANG_WARN_NON_LITERAL_NULL_CONVERSION = YES;
				CLANG_WARN_OBJC_IMPLICIT_RETAIN_SELF = YES;
				CLANG_WARN_OBJC_LITERAL_CONVERSION = YES;
				CLANG_WARN_OBJC_ROOT_CLASS = YES_ERROR;
				CLANG_WARN_QUOTED_INCLUDE_IN_FRAMEWORK_HEADER = YES;
				CLANG_WARN_RANGE_LOOP_ANALYSIS = YES;
				CLANG_WARN_STRICT_PROTOTYPES = YES;
				CLANG_WARN_SUSPICIOUS_MOVE = YES;
				CLANG_WARN_UNGUARDED_AVAILABILITY = YES_AGGRESSIVE;
				CLANG_WARN_UNREACHABLE_CODE = YES;
				CLANG_WARN__DUPLICATE_METHOD_MATCH = YES;
				COPY_PHASE_STRIP = NO;
				DEAD_CODE_STRIPPING = YES;
				DEBUG_INFORMATION_FORMAT = "dwarf-with-dsym";
				ENABLE_NS_ASSERTIONS = NO;
				ENABLE_STRICT_OBJC_MSGSEND = YES;
				ENABLE_USER_SCRIPT_SANDBOXING = YES;
				GCC_C_LANGUAGE_STANDARD = gnu17;
				GCC_NO_COMMON_BLOCKS = YES;
				GCC_WARN_64_TO_32_BIT_CONVERSION = YES;
				GCC_WARN_ABOUT_RETURN_TYPE = YES_ERROR;
				GCC_WARN_UNDECLARED_SELECTOR = YES;
				GCC_WARN_UNINITIALIZED_AUTOS = YES_AGGRESSIVE;
				GCC_WARN_UNUSED_FUNCTION = YES;
				GCC_WARN_UNUSED_VARIABLE = YES;
				LOCALIZATION_PREFERS_STRING_CATALOGS = YES;
				MTL_ENABLE_DEBUG_INFO = NO;
				MTL_FAST_MATH = YES;
				SWIFT_COMPILATION_MODE = wholemodule;
			};
			name = Release;
		};
		ABC70E0E2B713DD100A4FFF3 /* Debug */ = {
			isa = XCBuildConfiguration;
			buildSettings = {
				ASSETCATALOG_COMPILER_APPICON_NAME = AppIcon;
				ASSETCATALOG_COMPILER_GLOBAL_ACCENT_COLOR_NAME = AccentColor;
				CODE_SIGN_ENTITLEMENTS = "Teachers Pet/Teachers_Pet.entitlements";
				"CODE_SIGN_IDENTITY[sdk=macosx*]" = "Apple Development";
				CODE_SIGN_STYLE = Automatic;
				CURRENT_PROJECT_VERSION = 1;
				DEAD_CODE_STRIPPING = YES;
				DEVELOPMENT_ASSET_PATHS = "\"Teachers Pet/Preview Content\"";
				DEVELOPMENT_TEAM = LK4997QHS7;
				ENABLE_HARDENED_RUNTIME = YES;
				ENABLE_PREVIEWS = YES;
				GENERATE_INFOPLIST_FILE = YES;
				"INFOPLIST_KEY_UIApplicationSceneManifest_Generation[sdk=iphoneos*]" = YES;
				"INFOPLIST_KEY_UIApplicationSceneManifest_Generation[sdk=iphonesimulator*]" = YES;
				"INFOPLIST_KEY_UIApplicationSupportsIndirectInputEvents[sdk=iphoneos*]" = YES;
				"INFOPLIST_KEY_UIApplicationSupportsIndirectInputEvents[sdk=iphonesimulator*]" = YES;
				"INFOPLIST_KEY_UILaunchScreen_Generation[sdk=iphoneos*]" = YES;
				"INFOPLIST_KEY_UILaunchScreen_Generation[sdk=iphonesimulator*]" = YES;
				"INFOPLIST_KEY_UIStatusBarStyle[sdk=iphoneos*]" = UIStatusBarStyleDefault;
				"INFOPLIST_KEY_UIStatusBarStyle[sdk=iphonesimulator*]" = UIStatusBarStyleDefault;
				INFOPLIST_KEY_UISupportedInterfaceOrientations_iPad = "UIInterfaceOrientationPortrait UIInterfaceOrientationPortraitUpsideDown UIInterfaceOrientationLandscapeLeft UIInterfaceOrientationLandscapeRight";
				INFOPLIST_KEY_UISupportedInterfaceOrientations_iPhone = "UIInterfaceOrientationPortrait UIInterfaceOrientationLandscapeLeft UIInterfaceOrientationLandscapeRight";
				IPHONEOS_DEPLOYMENT_TARGET = 16.3;
				LD_RUNPATH_SEARCH_PATHS = "@executable_path/Frameworks";
				"LD_RUNPATH_SEARCH_PATHS[sdk=macosx*]" = "@executable_path/../Frameworks";
				MACOSX_DEPLOYMENT_TARGET = 13.3;
				MARKETING_VERSION = 1.0;
				PRODUCT_BUNDLE_IDENTIFIER = "com.macintAsh.Teachers-Pet";
				PRODUCT_NAME = "$(TARGET_NAME)";
				SDKROOT = auto;
				SUPPORTED_PLATFORMS = "iphoneos iphonesimulator macosx";
				SWIFT_EMIT_LOC_STRINGS = YES;
				SWIFT_VERSION = 5.0;
				TARGETED_DEVICE_FAMILY = "1,2";
			};
			name = Debug;
		};
		ABC70E0F2B713DD100A4FFF3 /* Release */ = {
			isa = XCBuildConfiguration;
			buildSettings = {
				ASSETCATALOG_COMPILER_APPICON_NAME = AppIcon;
				ASSETCATALOG_COMPILER_GLOBAL_ACCENT_COLOR_NAME = AccentColor;
				CODE_SIGN_ENTITLEMENTS = "Teachers Pet/Teachers_Pet.entitlements";
				"CODE_SIGN_IDENTITY[sdk=macosx*]" = "Apple Development";
				CODE_SIGN_STYLE = Automatic;
				CURRENT_PROJECT_VERSION = 1;
				DEAD_CODE_STRIPPING = YES;
				DEVELOPMENT_ASSET_PATHS = "\"Teachers Pet/Preview Content\"";
				DEVELOPMENT_TEAM = LK4997QHS7;
				ENABLE_HARDENED_RUNTIME = YES;
				ENABLE_PREVIEWS = YES;
				GENERATE_INFOPLIST_FILE = YES;
				"INFOPLIST_KEY_UIApplicationSceneManifest_Generation[sdk=iphoneos*]" = YES;
				"INFOPLIST_KEY_UIApplicationSceneManifest_Generation[sdk=iphonesimulator*]" = YES;
				"INFOPLIST_KEY_UIApplicationSupportsIndirectInputEvents[sdk=iphoneos*]" = YES;
				"INFOPLIST_KEY_UIApplicationSupportsIndirectInputEvents[sdk=iphonesimulator*]" = YES;
				"INFOPLIST_KEY_UILaunchScreen_Generation[sdk=iphoneos*]" = YES;
				"INFOPLIST_KEY_UILaunchScreen_Generation[sdk=iphonesimulator*]" = YES;
				"INFOPLIST_KEY_UIStatusBarStyle[sdk=iphoneos*]" = UIStatusBarStyleDefault;
				"INFOPLIST_KEY_UIStatusBarStyle[sdk=iphonesimulator*]" = UIStatusBarStyleDefault;
				INFOPLIST_KEY_UISupportedInterfaceOrientations_iPad = "UIInterfaceOrientationPortrait UIInterfaceOrientationPortraitUpsideDown UIInterfaceOrientationLandscapeLeft UIInterfaceOrientationLandscapeRight";
				INFOPLIST_KEY_UISupportedInterfaceOrientations_iPhone = "UIInterfaceOrientationPortrait UIInterfaceOrientationLandscapeLeft UIInterfaceOrientationLandscapeRight";
				IPHONEOS_DEPLOYMENT_TARGET = 16.3;
				LD_RUNPATH_SEARCH_PATHS = "@executable_path/Frameworks";
				"LD_RUNPATH_SEARCH_PATHS[sdk=macosx*]" = "@executable_path/../Frameworks";
				MACOSX_DEPLOYMENT_TARGET = 13.3;
				MARKETING_VERSION = 1.0;
				PRODUCT_BUNDLE_IDENTIFIER = "com.macintAsh.Teachers-Pet";
				PRODUCT_NAME = "$(TARGET_NAME)";
				SDKROOT = auto;
				SUPPORTED_PLATFORMS = "iphoneos iphonesimulator macosx";
				SWIFT_EMIT_LOC_STRINGS = YES;
				SWIFT_VERSION = 5.0;
				TARGETED_DEVICE_FAMILY = "1,2";
			};
			name = Release;
		};
/* End XCBuildConfiguration section */

/* Begin XCConfigurationList section */
		ABC70DF92B713DD000A4FFF3 /* Build configuration list for PBXProject "Teachers Pet" */ = {
			isa = XCConfigurationList;
			buildConfigurations = (
				ABC70E0B2B713DD100A4FFF3 /* Debug */,
				ABC70E0C2B713DD100A4FFF3 /* Release */,
			);
			defaultConfigurationIsVisible = 0;
			defaultConfigurationName = Release;
		};
		ABC70E0D2B713DD100A4FFF3 /* Build configuration list for PBXNativeTarget "Teachers Pet" */ = {
			isa = XCConfigurationList;
			buildConfigurations = (
				ABC70E0E2B713DD100A4FFF3 /* Debug */,
				ABC70E0F2B713DD100A4FFF3 /* Release */,
			);
			defaultConfigurationIsVisible = 0;
			defaultConfigurationName = Release;
		};
/* End XCConfigurationList section */

/* Begin XCRemoteSwiftPackageReference section */
		AB57BFAE2B8DBC03005ECF30 /* XCRemoteSwiftPackageReference "firebase-ios-sdk" */ = {
			isa = XCRemoteSwiftPackageReference;
			repositoryURL = "https://github.com/firebase/firebase-ios-sdk";
			requirement = {
				kind = upToNextMajorVersion;
				minimumVersion = 10.21.0;
			};
		};
/* End XCRemoteSwiftPackageReference section */

/* Begin XCSwiftPackageProductDependency section */
		AB57BFAF2B8DBC03005ECF30 /* FirebaseAnalytics */ = {
			isa = XCSwiftPackageProductDependency;
			package = AB57BFAE2B8DBC03005ECF30 /* XCRemoteSwiftPackageReference "firebase-ios-sdk" */;
			productName = FirebaseAnalytics;
		};
		AB57BFB12B8DBC03005ECF30 /* FirebaseAnalyticsOnDeviceConversion */ = {
			isa = XCSwiftPackageProductDependency;
			package = AB57BFAE2B8DBC03005ECF30 /* XCRemoteSwiftPackageReference "firebase-ios-sdk" */;
			productName = FirebaseAnalyticsOnDeviceConversion;
		};
		AB57BFB32B8DBC03005ECF30 /* FirebaseAnalyticsSwift */ = {
			isa = XCSwiftPackageProductDependency;
			package = AB57BFAE2B8DBC03005ECF30 /* XCRemoteSwiftPackageReference "firebase-ios-sdk" */;
			productName = FirebaseAnalyticsSwift;
		};
		AB57BFB52B8DBC03005ECF30 /* FirebaseAnalyticsWithoutAdIdSupport */ = {
			isa = XCSwiftPackageProductDependency;
			package = AB57BFAE2B8DBC03005ECF30 /* XCRemoteSwiftPackageReference "firebase-ios-sdk" */;
			productName = FirebaseAnalyticsWithoutAdIdSupport;
		};
		AB57BFB72B8DBC03005ECF30 /* FirebaseAuth */ = {
			isa = XCSwiftPackageProductDependency;
			package = AB57BFAE2B8DBC03005ECF30 /* XCRemoteSwiftPackageReference "firebase-ios-sdk" */;
			productName = FirebaseAuth;
		};
		AB57BFB92B8DBC03005ECF30 /* FirebaseAuthCombine-Community */ = {
			isa = XCSwiftPackageProductDependency;
			package = AB57BFAE2B8DBC03005ECF30 /* XCRemoteSwiftPackageReference "firebase-ios-sdk" */;
			productName = "FirebaseAuthCombine-Community";
		};
		AB57BFBB2B8DBC03005ECF30 /* FirebaseDatabase */ = {
			isa = XCSwiftPackageProductDependency;
			package = AB57BFAE2B8DBC03005ECF30 /* XCRemoteSwiftPackageReference "firebase-ios-sdk" */;
			productName = FirebaseDatabase;
		};
		AB57BFBD2B8DBC03005ECF30 /* FirebaseDatabaseSwift */ = {
			isa = XCSwiftPackageProductDependency;
			package = AB57BFAE2B8DBC03005ECF30 /* XCRemoteSwiftPackageReference "firebase-ios-sdk" */;
			productName = FirebaseDatabaseSwift;
		};
		AB57BFBF2B8DBC03005ECF30 /* FirebaseDynamicLinks */ = {
			isa = XCSwiftPackageProductDependency;
			package = AB57BFAE2B8DBC03005ECF30 /* XCRemoteSwiftPackageReference "firebase-ios-sdk" */;
			productName = FirebaseDynamicLinks;
		};
		AB57BFC12B8DBC03005ECF30 /* FirebaseFirestore */ = {
			isa = XCSwiftPackageProductDependency;
			package = AB57BFAE2B8DBC03005ECF30 /* XCRemoteSwiftPackageReference "firebase-ios-sdk" */;
			productName = FirebaseFirestore;
		};
		AB57BFC32B8DBC03005ECF30 /* FirebaseFirestoreCombine-Community */ = {
			isa = XCSwiftPackageProductDependency;
			package = AB57BFAE2B8DBC03005ECF30 /* XCRemoteSwiftPackageReference "firebase-ios-sdk" */;
			productName = "FirebaseFirestoreCombine-Community";
		};
		AB57BFC52B8DBC03005ECF30 /* FirebaseFirestoreSwift */ = {
			isa = XCSwiftPackageProductDependency;
			package = AB57BFAE2B8DBC03005ECF30 /* XCRemoteSwiftPackageReference "firebase-ios-sdk" */;
			productName = FirebaseFirestoreSwift;
		};
		AB57BFC72B8DBC03005ECF30 /* FirebaseFunctions */ = {
			isa = XCSwiftPackageProductDependency;
			package = AB57BFAE2B8DBC03005ECF30 /* XCRemoteSwiftPackageReference "firebase-ios-sdk" */;
			productName = FirebaseFunctions;
		};
		AB57BFC92B8DBC03005ECF30 /* FirebaseFunctionsCombine-Community */ = {
			isa = XCSwiftPackageProductDependency;
			package = AB57BFAE2B8DBC03005ECF30 /* XCRemoteSwiftPackageReference "firebase-ios-sdk" */;
			productName = "FirebaseFunctionsCombine-Community";
		};
		AB57BFCB2B8DBC03005ECF30 /* FirebaseRemoteConfigSwift */ = {
			isa = XCSwiftPackageProductDependency;
			package = AB57BFAE2B8DBC03005ECF30 /* XCRemoteSwiftPackageReference "firebase-ios-sdk" */;
			productName = FirebaseRemoteConfigSwift;
		};
		AB57BFCD2B8DBC03005ECF30 /* FirebaseStorage */ = {
			isa = XCSwiftPackageProductDependency;
			package = AB57BFAE2B8DBC03005ECF30 /* XCRemoteSwiftPackageReference "firebase-ios-sdk" */;
			productName = FirebaseStorage;
		};
		AB57BFCF2B8DBC03005ECF30 /* FirebaseStorageCombine-Community */ = {
			isa = XCSwiftPackageProductDependency;
			package = AB57BFAE2B8DBC03005ECF30 /* XCRemoteSwiftPackageReference "firebase-ios-sdk" */;
			productName = "FirebaseStorageCombine-Community";
		};
/* End XCSwiftPackageProductDependency section */
	};
	rootObject = ABC70DF62B713DD000A4FFF3 /* Project object */;
}
