// !$*UTF8*$!
{
	archiveVersion = 1;
	classes = {
	};
	objectVersion = 56;
	objects = {

/* Begin PBXBuildFile section */
		AB5B09662B967547004CAE7A /* WidgetKit.framework in Frameworks */ = {isa = PBXBuildFile; fileRef = AB5B09652B967547004CAE7A /* WidgetKit.framework */; };
		AB5B09682B967547004CAE7A /* SwiftUI.framework in Frameworks */ = {isa = PBXBuildFile; fileRef = AB5B09672B967547004CAE7A /* SwiftUI.framework */; };
		AB5B096B2B967547004CAE7A /* OfficeHoursBundle.swift in Sources */ = {isa = PBXBuildFile; fileRef = AB5B096A2B967547004CAE7A /* OfficeHoursBundle.swift */; };
		AB5B096D2B967547004CAE7A /* OfficeHours.swift in Sources */ = {isa = PBXBuildFile; fileRef = AB5B096C2B967547004CAE7A /* OfficeHours.swift */; };
		AB5B096F2B967548004CAE7A /* Assets.xcassets in Resources */ = {isa = PBXBuildFile; fileRef = AB5B096E2B967548004CAE7A /* Assets.xcassets */; };
		AB5B09732B967548004CAE7A /* OfficeHoursExtension.appex in Embed Foundation Extensions */ = {isa = PBXBuildFile; fileRef = AB5B09632B967547004CAE7A /* OfficeHoursExtension.appex */; platformFilter = ios; settings = {ATTRIBUTES = (RemoveHeadersOnCopy, ); }; };
		AB5B097A2B967657004CAE7A /* OfficeHoursAttribute.swift in Sources */ = {isa = PBXBuildFile; fileRef = AB5B09792B967657004CAE7A /* OfficeHoursAttribute.swift */; };
		AB5B097B2B967657004CAE7A /* OfficeHoursAttribute.swift in Sources */ = {isa = PBXBuildFile; fileRef = AB5B09792B967657004CAE7A /* OfficeHoursAttribute.swift */; };
		AB6C927C2B98122E0078DBB7 /* GoogleService-Info.plist in Resources */ = {isa = PBXBuildFile; fileRef = AB6C927B2B98122E0078DBB7 /* GoogleService-Info.plist */; };
		AB7F0C652B90278F00317EDF /* FirebaseAnalytics in Frameworks */ = {isa = PBXBuildFile; productRef = AB7F0C642B90278F00317EDF /* FirebaseAnalytics */; };
		AB7F0C672B90278F00317EDF /* FirebaseAnalyticsOnDeviceConversion in Frameworks */ = {isa = PBXBuildFile; productRef = AB7F0C662B90278F00317EDF /* FirebaseAnalyticsOnDeviceConversion */; };
		AB7F0C692B90278F00317EDF /* FirebaseAnalyticsSwift in Frameworks */ = {isa = PBXBuildFile; productRef = AB7F0C682B90278F00317EDF /* FirebaseAnalyticsSwift */; };
		AB7F0C6B2B90278F00317EDF /* FirebaseAnalyticsWithoutAdIdSupport in Frameworks */ = {isa = PBXBuildFile; productRef = AB7F0C6A2B90278F00317EDF /* FirebaseAnalyticsWithoutAdIdSupport */; };
		AB7F0C6D2B90278F00317EDF /* FirebaseAppCheck in Frameworks */ = {isa = PBXBuildFile; productRef = AB7F0C6C2B90278F00317EDF /* FirebaseAppCheck */; };
		AB7F0C6F2B90278F00317EDF /* FirebaseAppDistribution-Beta in Frameworks */ = {isa = PBXBuildFile; productRef = AB7F0C6E2B90278F00317EDF /* FirebaseAppDistribution-Beta */; };
		AB7F0C712B90278F00317EDF /* FirebaseAuth in Frameworks */ = {isa = PBXBuildFile; productRef = AB7F0C702B90278F00317EDF /* FirebaseAuth */; };
		AB7F0C732B90278F00317EDF /* FirebaseAuthCombine-Community in Frameworks */ = {isa = PBXBuildFile; productRef = AB7F0C722B90278F00317EDF /* FirebaseAuthCombine-Community */; };
		AB7F0C752B90278F00317EDF /* FirebaseCrashlytics in Frameworks */ = {isa = PBXBuildFile; productRef = AB7F0C742B90278F00317EDF /* FirebaseCrashlytics */; };
		AB7F0C772B90278F00317EDF /* FirebaseDatabase in Frameworks */ = {isa = PBXBuildFile; productRef = AB7F0C762B90278F00317EDF /* FirebaseDatabase */; };
		AB7F0C792B90278F00317EDF /* FirebaseDatabaseSwift in Frameworks */ = {isa = PBXBuildFile; productRef = AB7F0C782B90278F00317EDF /* FirebaseDatabaseSwift */; };
		AB7F0C7B2B90278F00317EDF /* FirebaseDynamicLinks in Frameworks */ = {isa = PBXBuildFile; productRef = AB7F0C7A2B90278F00317EDF /* FirebaseDynamicLinks */; };
		AB7F0C7D2B90278F00317EDF /* FirebaseFirestore in Frameworks */ = {isa = PBXBuildFile; productRef = AB7F0C7C2B90278F00317EDF /* FirebaseFirestore */; };
		AB7F0C7F2B90278F00317EDF /* FirebaseFirestoreCombine-Community in Frameworks */ = {isa = PBXBuildFile; productRef = AB7F0C7E2B90278F00317EDF /* FirebaseFirestoreCombine-Community */; };
		AB7F0C812B90278F00317EDF /* FirebaseFirestoreSwift in Frameworks */ = {isa = PBXBuildFile; productRef = AB7F0C802B90278F00317EDF /* FirebaseFirestoreSwift */; };
		AB7F0C832B90278F00317EDF /* FirebaseFunctions in Frameworks */ = {isa = PBXBuildFile; productRef = AB7F0C822B90278F00317EDF /* FirebaseFunctions */; };
		AB7F0C852B90278F00317EDF /* FirebaseFunctionsCombine-Community in Frameworks */ = {isa = PBXBuildFile; productRef = AB7F0C842B90278F00317EDF /* FirebaseFunctionsCombine-Community */; };
		AB7F0C872B90278F00317EDF /* FirebaseInstallations in Frameworks */ = {isa = PBXBuildFile; productRef = AB7F0C862B90278F00317EDF /* FirebaseInstallations */; };
		AB7F0C892B90278F00317EDF /* FirebaseMLModelDownloader in Frameworks */ = {isa = PBXBuildFile; productRef = AB7F0C882B90278F00317EDF /* FirebaseMLModelDownloader */; };
		AB7F0C8B2B90278F00317EDF /* FirebaseMessaging in Frameworks */ = {isa = PBXBuildFile; productRef = AB7F0C8A2B90278F00317EDF /* FirebaseMessaging */; };
		AB7F0C8D2B90278F00317EDF /* FirebasePerformance in Frameworks */ = {isa = PBXBuildFile; productRef = AB7F0C8C2B90278F00317EDF /* FirebasePerformance */; };
		AB7F0C8F2B90278F00317EDF /* FirebaseRemoteConfig in Frameworks */ = {isa = PBXBuildFile; productRef = AB7F0C8E2B90278F00317EDF /* FirebaseRemoteConfig */; };
		AB7F0C912B90278F00317EDF /* FirebaseRemoteConfigSwift in Frameworks */ = {isa = PBXBuildFile; productRef = AB7F0C902B90278F00317EDF /* FirebaseRemoteConfigSwift */; };
		AB7F0C932B90280100317EDF /* AuthViewModel.swift in Sources */ = {isa = PBXBuildFile; fileRef = AB7F0C922B90280100317EDF /* AuthViewModel.swift */; };
		AB7F0C972B90285A00317EDF /* User.swift in Sources */ = {isa = PBXBuildFile; fileRef = AB7F0C962B90285A00317EDF /* User.swift */; };
		AB90C1B22B91C911007A6DA7 /* CreateClass.swift in Sources */ = {isa = PBXBuildFile; fileRef = AB90C1B12B91C911007A6DA7 /* CreateClass.swift */; };
		AB90C1B42B92531A007A6DA7 /* OHLineManagement.swift in Sources */ = {isa = PBXBuildFile; fileRef = AB90C1B32B92531A007A6DA7 /* OHLineManagement.swift */; };
		ABB465032B90290F007B3AA1 /* ClassJoinCodeGeneration.swift in Sources */ = {isa = PBXBuildFile; fileRef = ABB465022B90290F007B3AA1 /* ClassJoinCodeGeneration.swift */; };
		ABB465052B9029D0007B3AA1 /* InstructorJoinClass.swift in Sources */ = {isa = PBXBuildFile; fileRef = ABB465042B9029D0007B3AA1 /* InstructorJoinClass.swift */; };
		ABB465082B902A00007B3AA1 /* CodeScanner in Frameworks */ = {isa = PBXBuildFile; platformFilter = ios; productRef = ABB465072B902A00007B3AA1 /* CodeScanner */; };
		ABB4650A2B902BA5007B3AA1 /* InstructorDashboard.swift in Sources */ = {isa = PBXBuildFile; fileRef = ABB465092B902BA5007B3AA1 /* InstructorDashboard.swift */; };
		ABB4650E2B919D9E007B3AA1 /* OfficeHoursViewModel.swift in Sources */ = {isa = PBXBuildFile; fileRef = ABB4650D2B919D9E007B3AA1 /* OfficeHoursViewModel.swift */; };
		ABB465132B919FA5007B3AA1 /* StudentDashboard.swift in Sources */ = {isa = PBXBuildFile; fileRef = ABB465122B919FA5007B3AA1 /* StudentDashboard.swift */; };
		ABB465172B91A227007B3AA1 /* OHQuestionaire.swift in Sources */ = {isa = PBXBuildFile; fileRef = ABB465162B91A227007B3AA1 /* OHQuestionaire.swift */; };
		ABB465192B91A2BB007B3AA1 /* OHLineView.swift in Sources */ = {isa = PBXBuildFile; fileRef = ABB465182B91A2BB007B3AA1 /* OHLineView.swift */; };
		ABB4651D2B91A760007B3AA1 /* StudentJoinClass.swift in Sources */ = {isa = PBXBuildFile; fileRef = ABB4651C2B91A760007B3AA1 /* StudentJoinClass.swift */; };
		ABF407992B9023F200444A48 /* WelcomeScreen.swift in Sources */ = {isa = PBXBuildFile; fileRef = ABC70E032B713DD000A4FFF3 /* WelcomeScreen.swift */; };
		ABF4079B2B9023FB00444A48 /* CreateAccount.swift in Sources */ = {isa = PBXBuildFile; fileRef = ABADDFE52B85D3C300614BB2 /* CreateAccount.swift */; };
		ABF4079C2B9023FE00444A48 /* SignIn.swift in Sources */ = {isa = PBXBuildFile; fileRef = ABE645E42B88732D0072AA66 /* SignIn.swift */; };
		ABF4079E2B90247700444A48 /* TeachersPet_App.swift in Sources */ = {isa = PBXBuildFile; fileRef = ABF4079D2B90247700444A48 /* TeachersPet_App.swift */; };
		BDEC08E32B93E92A009763B9 /* Assets.xcassets in Resources */ = {isa = PBXBuildFile; fileRef = BDEC08E22B93E92A009763B9 /* Assets.xcassets */; };
/* End PBXBuildFile section */

/* Begin PBXContainerItemProxy section */
		AB5B09712B967548004CAE7A /* PBXContainerItemProxy */ = {
			isa = PBXContainerItemProxy;
			containerPortal = ABC70DF62B713DD000A4FFF3 /* Project object */;
			proxyType = 1;
			remoteGlobalIDString = AB5B09622B967547004CAE7A;
			remoteInfo = OfficeHoursExtension;
		};
/* End PBXContainerItemProxy section */

/* Begin PBXCopyFilesBuildPhase section */
		AB90C20C2B96357F007A6DA7 /* Embed Foundation Extensions */ = {
			isa = PBXCopyFilesBuildPhase;
			buildActionMask = 2147483647;
			dstPath = "";
			dstSubfolderSpec = 13;
			files = (
				AB5B09732B967548004CAE7A /* OfficeHoursExtension.appex in Embed Foundation Extensions */,
			);
			name = "Embed Foundation Extensions";
			runOnlyForDeploymentPostprocessing = 0;
		};
/* End PBXCopyFilesBuildPhase section */

/* Begin PBXFileReference section */
		18D272AD2B970E5200E651AF /* Teachers_Pet.entitlements */ = {isa = PBXFileReference; fileEncoding = 4; lastKnownFileType = text.plist.entitlements; path = Teachers_Pet.entitlements; sourceTree = "<group>"; };
		AB5B09632B967547004CAE7A /* OfficeHoursExtension.appex */ = {isa = PBXFileReference; explicitFileType = "wrapper.app-extension"; includeInIndex = 0; path = OfficeHoursExtension.appex; sourceTree = BUILT_PRODUCTS_DIR; };
		AB5B09652B967547004CAE7A /* WidgetKit.framework */ = {isa = PBXFileReference; lastKnownFileType = wrapper.framework; name = WidgetKit.framework; path = System/Library/Frameworks/WidgetKit.framework; sourceTree = SDKROOT; };
		AB5B09672B967547004CAE7A /* SwiftUI.framework */ = {isa = PBXFileReference; lastKnownFileType = wrapper.framework; name = SwiftUI.framework; path = System/Library/Frameworks/SwiftUI.framework; sourceTree = SDKROOT; };
		AB5B096A2B967547004CAE7A /* OfficeHoursBundle.swift */ = {isa = PBXFileReference; lastKnownFileType = sourcecode.swift; path = OfficeHoursBundle.swift; sourceTree = "<group>"; };
		AB5B096C2B967547004CAE7A /* OfficeHours.swift */ = {isa = PBXFileReference; lastKnownFileType = sourcecode.swift; path = OfficeHours.swift; sourceTree = "<group>"; };
		AB5B096E2B967548004CAE7A /* Assets.xcassets */ = {isa = PBXFileReference; lastKnownFileType = folder.assetcatalog; path = Assets.xcassets; sourceTree = "<group>"; };
		AB5B09702B967548004CAE7A /* Info.plist */ = {isa = PBXFileReference; lastKnownFileType = text.plist.xml; path = Info.plist; sourceTree = "<group>"; };
		AB5B09792B967657004CAE7A /* OfficeHoursAttribute.swift */ = {isa = PBXFileReference; lastKnownFileType = sourcecode.swift; path = OfficeHoursAttribute.swift; sourceTree = "<group>"; };
		AB6C927B2B98122E0078DBB7 /* GoogleService-Info.plist */ = {isa = PBXFileReference; fileEncoding = 4; lastKnownFileType = text.plist.xml; path = "GoogleService-Info.plist"; sourceTree = "<group>"; };
		AB7F0C922B90280100317EDF /* AuthViewModel.swift */ = {isa = PBXFileReference; lastKnownFileType = sourcecode.swift; path = AuthViewModel.swift; sourceTree = "<group>"; };
		AB7F0C962B90285A00317EDF /* User.swift */ = {isa = PBXFileReference; lastKnownFileType = sourcecode.swift; path = User.swift; sourceTree = "<group>"; };
		AB90C1B12B91C911007A6DA7 /* CreateClass.swift */ = {isa = PBXFileReference; lastKnownFileType = sourcecode.swift; path = CreateClass.swift; sourceTree = "<group>"; };
		AB90C1B32B92531A007A6DA7 /* OHLineManagement.swift */ = {isa = PBXFileReference; lastKnownFileType = sourcecode.swift; path = OHLineManagement.swift; sourceTree = "<group>"; };
		ABADDFE52B85D3C300614BB2 /* CreateAccount.swift */ = {isa = PBXFileReference; lastKnownFileType = sourcecode.swift; path = CreateAccount.swift; sourceTree = "<group>"; };
		ABB465022B90290F007B3AA1 /* ClassJoinCodeGeneration.swift */ = {isa = PBXFileReference; lastKnownFileType = sourcecode.swift; path = ClassJoinCodeGeneration.swift; sourceTree = "<group>"; };
		ABB465042B9029D0007B3AA1 /* InstructorJoinClass.swift */ = {isa = PBXFileReference; lastKnownFileType = sourcecode.swift; path = InstructorJoinClass.swift; sourceTree = "<group>"; };
		ABB465092B902BA5007B3AA1 /* InstructorDashboard.swift */ = {isa = PBXFileReference; lastKnownFileType = sourcecode.swift; path = InstructorDashboard.swift; sourceTree = "<group>"; };
		ABB4650D2B919D9E007B3AA1 /* OfficeHoursViewModel.swift */ = {isa = PBXFileReference; lastKnownFileType = sourcecode.swift; path = OfficeHoursViewModel.swift; sourceTree = "<group>"; };
		ABB465122B919FA5007B3AA1 /* StudentDashboard.swift */ = {isa = PBXFileReference; lastKnownFileType = sourcecode.swift; path = StudentDashboard.swift; sourceTree = "<group>"; };
		ABB465162B91A227007B3AA1 /* OHQuestionaire.swift */ = {isa = PBXFileReference; lastKnownFileType = sourcecode.swift; path = OHQuestionaire.swift; sourceTree = "<group>"; };
		ABB465182B91A2BB007B3AA1 /* OHLineView.swift */ = {isa = PBXFileReference; lastKnownFileType = sourcecode.swift; path = OHLineView.swift; sourceTree = "<group>"; };
		ABB4651C2B91A760007B3AA1 /* StudentJoinClass.swift */ = {isa = PBXFileReference; lastKnownFileType = sourcecode.swift; path = StudentJoinClass.swift; sourceTree = "<group>"; };
		ABC70E032B713DD000A4FFF3 /* WelcomeScreen.swift */ = {isa = PBXFileReference; lastKnownFileType = sourcecode.swift; path = WelcomeScreen.swift; sourceTree = "<group>"; };
		ABE645E42B88732D0072AA66 /* SignIn.swift */ = {isa = PBXFileReference; lastKnownFileType = sourcecode.swift; path = SignIn.swift; sourceTree = "<group>"; };
		ABF4078A2B90238100444A48 /* Teachers Pet.app */ = {isa = PBXFileReference; explicitFileType = wrapper.application; includeInIndex = 0; path = "Teachers Pet.app"; sourceTree = BUILT_PRODUCTS_DIR; };
		ABF4079D2B90247700444A48 /* TeachersPet_App.swift */ = {isa = PBXFileReference; lastKnownFileType = sourcecode.swift; path = TeachersPet_App.swift; sourceTree = "<group>"; };
		BDEC08E22B93E92A009763B9 /* Assets.xcassets */ = {isa = PBXFileReference; lastKnownFileType = folder.assetcatalog; path = Assets.xcassets; sourceTree = "<group>"; };
/* End PBXFileReference section */

/* Begin PBXFrameworksBuildPhase section */
		AB5B09602B967547004CAE7A /* Frameworks */ = {
			isa = PBXFrameworksBuildPhase;
			buildActionMask = 2147483647;
			files = (
				AB5B09682B967547004CAE7A /* SwiftUI.framework in Frameworks */,
				AB5B09662B967547004CAE7A /* WidgetKit.framework in Frameworks */,
			);
			runOnlyForDeploymentPostprocessing = 0;
		};
		ABF407872B90238100444A48 /* Frameworks */ = {
			isa = PBXFrameworksBuildPhase;
			buildActionMask = 2147483647;
			files = (
				AB7F0C772B90278F00317EDF /* FirebaseDatabase in Frameworks */,
				AB7F0C852B90278F00317EDF /* FirebaseFunctionsCombine-Community in Frameworks */,
				AB7F0C7D2B90278F00317EDF /* FirebaseFirestore in Frameworks */,
				AB7F0C872B90278F00317EDF /* FirebaseInstallations in Frameworks */,
				AB7F0C692B90278F00317EDF /* FirebaseAnalyticsSwift in Frameworks */,
				AB7F0C652B90278F00317EDF /* FirebaseAnalytics in Frameworks */,
				AB7F0C672B90278F00317EDF /* FirebaseAnalyticsOnDeviceConversion in Frameworks */,
				AB7F0C812B90278F00317EDF /* FirebaseFirestoreSwift in Frameworks */,
				ABB465082B902A00007B3AA1 /* CodeScanner in Frameworks */,
				AB7F0C6D2B90278F00317EDF /* FirebaseAppCheck in Frameworks */,
				AB7F0C6B2B90278F00317EDF /* FirebaseAnalyticsWithoutAdIdSupport in Frameworks */,
				AB7F0C712B90278F00317EDF /* FirebaseAuth in Frameworks */,
				AB7F0C8F2B90278F00317EDF /* FirebaseRemoteConfig in Frameworks */,
				AB7F0C752B90278F00317EDF /* FirebaseCrashlytics in Frameworks */,
				AB7F0C8B2B90278F00317EDF /* FirebaseMessaging in Frameworks */,
				AB7F0C892B90278F00317EDF /* FirebaseMLModelDownloader in Frameworks */,
				AB7F0C8D2B90278F00317EDF /* FirebasePerformance in Frameworks */,
				AB7F0C792B90278F00317EDF /* FirebaseDatabaseSwift in Frameworks */,
				AB7F0C832B90278F00317EDF /* FirebaseFunctions in Frameworks */,
				AB7F0C912B90278F00317EDF /* FirebaseRemoteConfigSwift in Frameworks */,
				AB7F0C6F2B90278F00317EDF /* FirebaseAppDistribution-Beta in Frameworks */,
				AB7F0C732B90278F00317EDF /* FirebaseAuthCombine-Community in Frameworks */,
				AB7F0C7B2B90278F00317EDF /* FirebaseDynamicLinks in Frameworks */,
				AB7F0C7F2B90278F00317EDF /* FirebaseFirestoreCombine-Community in Frameworks */,
			);
			runOnlyForDeploymentPostprocessing = 0;
		};
/* End PBXFrameworksBuildPhase section */

/* Begin PBXGroup section */
		AB4B930F2B88285900FAEC37 /* InstructorView */ = {
			isa = PBXGroup;
			children = (
				AB90C1B12B91C911007A6DA7 /* CreateClass.swift */,
				ABB465022B90290F007B3AA1 /* ClassJoinCodeGeneration.swift */,
				ABB465042B9029D0007B3AA1 /* InstructorJoinClass.swift */,
				ABB465092B902BA5007B3AA1 /* InstructorDashboard.swift */,
				AB90C1B32B92531A007A6DA7 /* OHLineManagement.swift */,
			);
			path = InstructorView;
			sourceTree = "<group>";
		};
		AB5B09642B967547004CAE7A /* Frameworks */ = {
			isa = PBXGroup;
			children = (
				AB5B09652B967547004CAE7A /* WidgetKit.framework */,
				AB5B09672B967547004CAE7A /* SwiftUI.framework */,
			);
			name = Frameworks;
			sourceTree = "<group>";
		};
		AB5B09692B967547004CAE7A /* OfficeHours */ = {
			isa = PBXGroup;
			children = (
				AB5B096A2B967547004CAE7A /* OfficeHoursBundle.swift */,
				AB5B09792B967657004CAE7A /* OfficeHoursAttribute.swift */,
				AB5B096C2B967547004CAE7A /* OfficeHours.swift */,
				AB5B096E2B967548004CAE7A /* Assets.xcassets */,
				AB5B09702B967548004CAE7A /* Info.plist */,
			);
			path = OfficeHours;
			sourceTree = "<group>";
		};
		ABAC21972B8EBFC2005CF27E /* FirebaseAuth */ = {
			isa = PBXGroup;
			children = (
				AB7F0C922B90280100317EDF /* AuthViewModel.swift */,
				AB7F0C962B90285A00317EDF /* User.swift */,
			);
			path = FirebaseAuth;
			sourceTree = "<group>";
		};
		ABB4650F2B919E78007B3AA1 /* StudentView */ = {
			isa = PBXGroup;
			children = (
				ABB4651C2B91A760007B3AA1 /* StudentJoinClass.swift */,
				ABB465122B919FA5007B3AA1 /* StudentDashboard.swift */,
				ABB465162B91A227007B3AA1 /* OHQuestionaire.swift */,
				ABB465182B91A2BB007B3AA1 /* OHLineView.swift */,
			);
			path = StudentView;
			sourceTree = "<group>";
		};
		ABC70DF52B713DD000A4FFF3 = {
			isa = PBXGroup;
			children = (
				ABF4078B2B90238100444A48 /* Teachers Pet */,
				AB5B09692B967547004CAE7A /* OfficeHours */,
				AB5B09642B967547004CAE7A /* Frameworks */,
				ABC70DFF2B713DD000A4FFF3 /* Products */,
			);
			sourceTree = "<group>";
		};
		ABC70DFF2B713DD000A4FFF3 /* Products */ = {
			isa = PBXGroup;
			children = (
				ABF4078A2B90238100444A48 /* Teachers Pet.app */,
				AB5B09632B967547004CAE7A /* OfficeHoursExtension.appex */,
			);
			name = Products;
			sourceTree = "<group>";
		};
		ABF4078B2B90238100444A48 /* Teachers Pet */ = {
			isa = PBXGroup;
			children = (
				ABF4079D2B90247700444A48 /* TeachersPet_App.swift */,
				ABC70E032B713DD000A4FFF3 /* WelcomeScreen.swift */,
				ABADDFE52B85D3C300614BB2 /* CreateAccount.swift */,
				ABE645E42B88732D0072AA66 /* SignIn.swift */,
				ABB4650D2B919D9E007B3AA1 /* OfficeHoursViewModel.swift */,
				ABB4650F2B919E78007B3AA1 /* StudentView */,
				AB4B930F2B88285900FAEC37 /* InstructorView */,
				ABAC21972B8EBFC2005CF27E /* FirebaseAuth */,
				BDEC08E22B93E92A009763B9 /* Assets.xcassets */,
				18D272AD2B970E5200E651AF /* Teachers_Pet.entitlements */,
				AB6C927B2B98122E0078DBB7 /* GoogleService-Info.plist */,
			);
			path = "Teachers Pet";
			sourceTree = "<group>";
		};
/* End PBXGroup section */

/* Begin PBXNativeTarget section */
		AB5B09622B967547004CAE7A /* OfficeHoursExtension */ = {
			isa = PBXNativeTarget;
			buildConfigurationList = AB5B09742B967549004CAE7A /* Build configuration list for PBXNativeTarget "OfficeHoursExtension" */;
			buildPhases = (
				AB5B095F2B967547004CAE7A /* Sources */,
				AB5B09602B967547004CAE7A /* Frameworks */,
				AB5B09612B967547004CAE7A /* Resources */,
			);
			buildRules = (
			);
			dependencies = (
			);
			name = OfficeHoursExtension;
			productName = OfficeHoursExtension;
			productReference = AB5B09632B967547004CAE7A /* OfficeHoursExtension.appex */;
			productType = "com.apple.product-type.app-extension";
		};
		ABF407892B90238100444A48 /* Teachers Pet */ = {
			isa = PBXNativeTarget;
			buildConfigurationList = ABF407962B90238200444A48 /* Build configuration list for PBXNativeTarget "Teachers Pet" */;
			buildPhases = (
				ABF407862B90238100444A48 /* Sources */,
				ABF407872B90238100444A48 /* Frameworks */,
				ABF407882B90238100444A48 /* Resources */,
				AB90C20C2B96357F007A6DA7 /* Embed Foundation Extensions */,
			);
			buildRules = (
			);
			dependencies = (
				AB5B09722B967548004CAE7A /* PBXTargetDependency */,
			);
			name = "Teachers Pet";
			packageProductDependencies = (
				AB7F0C642B90278F00317EDF /* FirebaseAnalytics */,
				AB7F0C662B90278F00317EDF /* FirebaseAnalyticsOnDeviceConversion */,
				AB7F0C682B90278F00317EDF /* FirebaseAnalyticsSwift */,
				AB7F0C6A2B90278F00317EDF /* FirebaseAnalyticsWithoutAdIdSupport */,
				AB7F0C6C2B90278F00317EDF /* FirebaseAppCheck */,
				AB7F0C6E2B90278F00317EDF /* FirebaseAppDistribution-Beta */,
				AB7F0C702B90278F00317EDF /* FirebaseAuth */,
				AB7F0C722B90278F00317EDF /* FirebaseAuthCombine-Community */,
				AB7F0C742B90278F00317EDF /* FirebaseCrashlytics */,
				AB7F0C762B90278F00317EDF /* FirebaseDatabase */,
				AB7F0C782B90278F00317EDF /* FirebaseDatabaseSwift */,
				AB7F0C7A2B90278F00317EDF /* FirebaseDynamicLinks */,
				AB7F0C7C2B90278F00317EDF /* FirebaseFirestore */,
				AB7F0C7E2B90278F00317EDF /* FirebaseFirestoreCombine-Community */,
				AB7F0C802B90278F00317EDF /* FirebaseFirestoreSwift */,
				AB7F0C822B90278F00317EDF /* FirebaseFunctions */,
				AB7F0C842B90278F00317EDF /* FirebaseFunctionsCombine-Community */,
				AB7F0C862B90278F00317EDF /* FirebaseInstallations */,
				AB7F0C882B90278F00317EDF /* FirebaseMLModelDownloader */,
				AB7F0C8A2B90278F00317EDF /* FirebaseMessaging */,
				AB7F0C8C2B90278F00317EDF /* FirebasePerformance */,
				AB7F0C8E2B90278F00317EDF /* FirebaseRemoteConfig */,
				AB7F0C902B90278F00317EDF /* FirebaseRemoteConfigSwift */,
				ABB465072B902A00007B3AA1 /* CodeScanner */,
			);
			productName = "Teachers Pet";
			productReference = ABF4078A2B90238100444A48 /* Teachers Pet.app */;
			productType = "com.apple.product-type.application";
		};
/* End PBXNativeTarget section */

/* Begin PBXProject section */
		ABC70DF62B713DD000A4FFF3 /* Project object */ = {
			isa = PBXProject;
			attributes = {
				BuildIndependentTargetsInParallel = 1;
				LastSwiftUpdateCheck = 1520;
				LastUpgradeCheck = 1520;
				TargetAttributes = {
					AB5B09622B967547004CAE7A = {
						CreatedOnToolsVersion = 15.2;
					};
					ABF407892B90238100444A48 = {
						CreatedOnToolsVersion = 15.2;
					};
				};
			};
			buildConfigurationList = ABC70DF92B713DD000A4FFF3 /* Build configuration list for PBXProject "Teachers Pet" */;
			compatibilityVersion = "Xcode 14.0";
			developmentRegion = en;
			hasScannedForEncodings = 0;
			knownRegions = (
				en,
				Base,
			);
			mainGroup = ABC70DF52B713DD000A4FFF3;
			packageReferences = (
				AB7F0C632B90278F00317EDF /* XCRemoteSwiftPackageReference "firebase-ios-sdk" */,
				ABB465062B902A00007B3AA1 /* XCRemoteSwiftPackageReference "CodeScanner" */,
			);
			productRefGroup = ABC70DFF2B713DD000A4FFF3 /* Products */;
			projectDirPath = "";
			projectRoot = "";
			targets = (
				ABF407892B90238100444A48 /* Teachers Pet */,
				AB5B09622B967547004CAE7A /* OfficeHoursExtension */,
			);
		};
/* End PBXProject section */

/* Begin PBXResourcesBuildPhase section */
		AB5B09612B967547004CAE7A /* Resources */ = {
			isa = PBXResourcesBuildPhase;
			buildActionMask = 2147483647;
			files = (
				AB5B096F2B967548004CAE7A /* Assets.xcassets in Resources */,
			);
			runOnlyForDeploymentPostprocessing = 0;
		};
		ABF407882B90238100444A48 /* Resources */ = {
			isa = PBXResourcesBuildPhase;
			buildActionMask = 2147483647;
			files = (
				BDEC08E32B93E92A009763B9 /* Assets.xcassets in Resources */,
				AB6C927C2B98122E0078DBB7 /* GoogleService-Info.plist in Resources */,
			);
			runOnlyForDeploymentPostprocessing = 0;
		};
/* End PBXResourcesBuildPhase section */

/* Begin PBXSourcesBuildPhase section */
		AB5B095F2B967547004CAE7A /* Sources */ = {
			isa = PBXSourcesBuildPhase;
			buildActionMask = 2147483647;
			files = (
				AB5B096B2B967547004CAE7A /* OfficeHoursBundle.swift in Sources */,
				AB5B096D2B967547004CAE7A /* OfficeHours.swift in Sources */,
				AB5B097B2B967657004CAE7A /* OfficeHoursAttribute.swift in Sources */,
			);
			runOnlyForDeploymentPostprocessing = 0;
		};
		ABF407862B90238100444A48 /* Sources */ = {
			isa = PBXSourcesBuildPhase;
			buildActionMask = 2147483647;
			files = (
				ABB465132B919FA5007B3AA1 /* StudentDashboard.swift in Sources */,
				ABB4650A2B902BA5007B3AA1 /* InstructorDashboard.swift in Sources */,
				ABF4079B2B9023FB00444A48 /* CreateAccount.swift in Sources */,
				AB7F0C932B90280100317EDF /* AuthViewModel.swift in Sources */,
				ABB465032B90290F007B3AA1 /* ClassJoinCodeGeneration.swift in Sources */,
				ABB465052B9029D0007B3AA1 /* InstructorJoinClass.swift in Sources */,
				ABF407992B9023F200444A48 /* WelcomeScreen.swift in Sources */,
				ABB465192B91A2BB007B3AA1 /* OHLineView.swift in Sources */,
				AB7F0C972B90285A00317EDF /* User.swift in Sources */,
				ABF4079E2B90247700444A48 /* TeachersPet_App.swift in Sources */,
				ABF4079C2B9023FE00444A48 /* SignIn.swift in Sources */,
				AB90C1B22B91C911007A6DA7 /* CreateClass.swift in Sources */,
				AB5B097A2B967657004CAE7A /* OfficeHoursAttribute.swift in Sources */,
				ABB4650E2B919D9E007B3AA1 /* OfficeHoursViewModel.swift in Sources */,
				AB90C1B42B92531A007A6DA7 /* OHLineManagement.swift in Sources */,
				ABB4651D2B91A760007B3AA1 /* StudentJoinClass.swift in Sources */,
				ABB465172B91A227007B3AA1 /* OHQuestionaire.swift in Sources */,
			);
			runOnlyForDeploymentPostprocessing = 0;
		};
/* End PBXSourcesBuildPhase section */

/* Begin PBXTargetDependency section */
		AB5B09722B967548004CAE7A /* PBXTargetDependency */ = {
			isa = PBXTargetDependency;
			platformFilter = ios;
			target = AB5B09622B967547004CAE7A /* OfficeHoursExtension */;
			targetProxy = AB5B09712B967548004CAE7A /* PBXContainerItemProxy */;
		};
/* End PBXTargetDependency section */

/* Begin XCBuildConfiguration section */
		AB5B09752B967549004CAE7A /* Debug */ = {
			isa = XCBuildConfiguration;
			buildSettings = {
				ASSETCATALOG_COMPILER_GLOBAL_ACCENT_COLOR_NAME = AccentColor;
				ASSETCATALOG_COMPILER_WIDGET_BACKGROUND_COLOR_NAME = WidgetBackground;
				CODE_SIGN_STYLE = Automatic;
				CURRENT_PROJECT_VERSION = 1;
				DEVELOPMENT_TEAM = LK4997QHS7;
				GENERATE_INFOPLIST_FILE = YES;
				INFOPLIST_FILE = OfficeHours/Info.plist;
				INFOPLIST_KEY_CFBundleDisplayName = OfficeHours;
				INFOPLIST_KEY_NSHumanReadableCopyright = "";
				INFOPLIST_KEY_NSSupportsLiveActivities = YES;
				IPHONEOS_DEPLOYMENT_TARGET = 16.3;
				LD_RUNPATH_SEARCH_PATHS = (
					"$(inherited)",
					"@executable_path/Frameworks",
					"@executable_path/../../Frameworks",
				);
				MARKETING_VERSION = 1.0;
				PRODUCT_BUNDLE_IDENTIFIER = "com.macintAsh.Teachers-Pet.OfficeHours";
				PRODUCT_NAME = "$(TARGET_NAME)";
				SDKROOT = iphoneos;
				SKIP_INSTALL = YES;
				SWIFT_EMIT_LOC_STRINGS = YES;
				SWIFT_VERSION = 5.0;
				TARGETED_DEVICE_FAMILY = "1,2";
			};
			name = Debug;
		};
		AB5B09762B967549004CAE7A /* Release */ = {
			isa = XCBuildConfiguration;
			buildSettings = {
				ASSETCATALOG_COMPILER_GLOBAL_ACCENT_COLOR_NAME = AccentColor;
				ASSETCATALOG_COMPILER_WIDGET_BACKGROUND_COLOR_NAME = WidgetBackground;
				CODE_SIGN_STYLE = Automatic;
				CURRENT_PROJECT_VERSION = 1;
				DEVELOPMENT_TEAM = LK4997QHS7;
				GENERATE_INFOPLIST_FILE = YES;
				INFOPLIST_FILE = OfficeHours/Info.plist;
				INFOPLIST_KEY_CFBundleDisplayName = OfficeHours;
				INFOPLIST_KEY_NSHumanReadableCopyright = "";
				INFOPLIST_KEY_NSSupportsLiveActivities = YES;
				IPHONEOS_DEPLOYMENT_TARGET = 16.3;
				LD_RUNPATH_SEARCH_PATHS = (
					"$(inherited)",
					"@executable_path/Frameworks",
					"@executable_path/../../Frameworks",
				);
				MARKETING_VERSION = 1.0;
				PRODUCT_BUNDLE_IDENTIFIER = "com.macintAsh.Teachers-Pet.OfficeHours";
				PRODUCT_NAME = "$(TARGET_NAME)";
				SDKROOT = iphoneos;
				SKIP_INSTALL = YES;
				SWIFT_EMIT_LOC_STRINGS = YES;
				SWIFT_VERSION = 5.0;
				TARGETED_DEVICE_FAMILY = "1,2";
				VALIDATE_PRODUCT = YES;
			};
			name = Release;
		};
		ABC70E0B2B713DD100A4FFF3 /* Debug */ = {
			isa = XCBuildConfiguration;
			buildSettings = {
				ALWAYS_SEARCH_USER_PATHS = NO;
				ASSETCATALOG_COMPILER_GENERATE_SWIFT_ASSET_SYMBOL_EXTENSIONS = YES;
				CLANG_ANALYZER_NONNULL = YES;
				CLANG_ANALYZER_NUMBER_OBJECT_CONVERSION = YES_AGGRESSIVE;
				CLANG_CXX_LANGUAGE_STANDARD = "gnu++20";
				CLANG_ENABLE_MODULES = YES;
				CLANG_ENABLE_OBJC_ARC = YES;
				CLANG_ENABLE_OBJC_WEAK = YES;
				CLANG_WARN_BLOCK_CAPTURE_AUTORELEASING = YES;
				CLANG_WARN_BOOL_CONVERSION = YES;
				CLANG_WARN_COMMA = YES;
				CLANG_WARN_CONSTANT_CONVERSION = YES;
				CLANG_WARN_DEPRECATED_OBJC_IMPLEMENTATIONS = YES;
				CLANG_WARN_DIRECT_OBJC_ISA_USAGE = YES_ERROR;
				CLANG_WARN_DOCUMENTATION_COMMENTS = YES;
				CLANG_WARN_EMPTY_BODY = YES;
				CLANG_WARN_ENUM_CONVERSION = YES;
				CLANG_WARN_INFINITE_RECURSION = YES;
				CLANG_WARN_INT_CONVERSION = YES;
				CLANG_WARN_NON_LITERAL_NULL_CONVERSION = YES;
				CLANG_WARN_OBJC_IMPLICIT_RETAIN_SELF = YES;
				CLANG_WARN_OBJC_LITERAL_CONVERSION = YES;
				CLANG_WARN_OBJC_ROOT_CLASS = YES_ERROR;
				CLANG_WARN_QUOTED_INCLUDE_IN_FRAMEWORK_HEADER = YES;
				CLANG_WARN_RANGE_LOOP_ANALYSIS = YES;
				CLANG_WARN_STRICT_PROTOTYPES = YES;
				CLANG_WARN_SUSPICIOUS_MOVE = YES;
				CLANG_WARN_UNGUARDED_AVAILABILITY = YES_AGGRESSIVE;
				CLANG_WARN_UNREACHABLE_CODE = YES;
				CLANG_WARN__DUPLICATE_METHOD_MATCH = YES;
				COPY_PHASE_STRIP = NO;
				DEAD_CODE_STRIPPING = YES;
				DEBUG_INFORMATION_FORMAT = dwarf;
				ENABLE_STRICT_OBJC_MSGSEND = YES;
				ENABLE_TESTABILITY = YES;
				ENABLE_USER_SCRIPT_SANDBOXING = YES;
				GCC_C_LANGUAGE_STANDARD = gnu17;
				GCC_DYNAMIC_NO_PIC = NO;
				GCC_NO_COMMON_BLOCKS = YES;
				GCC_OPTIMIZATION_LEVEL = 0;
				GCC_PREPROCESSOR_DEFINITIONS = (
					"DEBUG=1",
					"$(inherited)",
				);
				GCC_WARN_64_TO_32_BIT_CONVERSION = YES;
				GCC_WARN_ABOUT_RETURN_TYPE = YES_ERROR;
				GCC_WARN_UNDECLARED_SELECTOR = YES;
				GCC_WARN_UNINITIALIZED_AUTOS = YES_AGGRESSIVE;
				GCC_WARN_UNUSED_FUNCTION = YES;
				GCC_WARN_UNUSED_VARIABLE = YES;
				LOCALIZATION_PREFERS_STRING_CATALOGS = YES;
				MTL_ENABLE_DEBUG_INFO = INCLUDE_SOURCE;
				MTL_FAST_MATH = YES;
				ONLY_ACTIVE_ARCH = YES;
				SWIFT_ACTIVE_COMPILATION_CONDITIONS = "DEBUG $(inherited)";
				SWIFT_OPTIMIZATION_LEVEL = "-Onone";
			};
			name = Debug;
		};
		ABC70E0C2B713DD100A4FFF3 /* Release */ = {
			isa = XCBuildConfiguration;
			buildSettings = {
				ALWAYS_SEARCH_USER_PATHS = NO;
				ASSETCATALOG_COMPILER_GENERATE_SWIFT_ASSET_SYMBOL_EXTENSIONS = YES;
				CLANG_ANALYZER_NONNULL = YES;
				CLANG_ANALYZER_NUMBER_OBJECT_CONVERSION = YES_AGGRESSIVE;
				CLANG_CXX_LANGUAGE_STANDARD = "gnu++20";
				CLANG_ENABLE_MODULES = YES;
				CLANG_ENABLE_OBJC_ARC = YES;
				CLANG_ENABLE_OBJC_WEAK = YES;
				CLANG_WARN_BLOCK_CAPTURE_AUTORELEASING = YES;
				CLANG_WARN_BOOL_CONVERSION = YES;
				CLANG_WARN_COMMA = YES;
				CLANG_WARN_CONSTANT_CONVERSION = YES;
				CLANG_WARN_DEPRECATED_OBJC_IMPLEMENTATIONS = YES;
				CLANG_WARN_DIRECT_OBJC_ISA_USAGE = YES_ERROR;
				CLANG_WARN_DOCUMENTATION_COMMENTS = YES;
				CLANG_WARN_EMPTY_BODY = YES;
				CLANG_WARN_ENUM_CONVERSION = YES;
				CLANG_WARN_INFINITE_RECURSION = YES;
				CLANG_WARN_INT_CONVERSION = YES;
				CLANG_WARN_NON_LITERAL_NULL_CONVERSION = YES;
				CLANG_WARN_OBJC_IMPLICIT_RETAIN_SELF = YES;
				CLANG_WARN_OBJC_LITERAL_CONVERSION = YES;
				CLANG_WARN_OBJC_ROOT_CLASS = YES_ERROR;
				CLANG_WARN_QUOTED_INCLUDE_IN_FRAMEWORK_HEADER = YES;
				CLANG_WARN_RANGE_LOOP_ANALYSIS = YES;
				CLANG_WARN_STRICT_PROTOTYPES = YES;
				CLANG_WARN_SUSPICIOUS_MOVE = YES;
				CLANG_WARN_UNGUARDED_AVAILABILITY = YES_AGGRESSIVE;
				CLANG_WARN_UNREACHABLE_CODE = YES;
				CLANG_WARN__DUPLICATE_METHOD_MATCH = YES;
				COPY_PHASE_STRIP = NO;
				DEAD_CODE_STRIPPING = YES;
				DEBUG_INFORMATION_FORMAT = "dwarf-with-dsym";
				ENABLE_NS_ASSERTIONS = NO;
				ENABLE_STRICT_OBJC_MSGSEND = YES;
				ENABLE_USER_SCRIPT_SANDBOXING = YES;
				GCC_C_LANGUAGE_STANDARD = gnu17;
				GCC_NO_COMMON_BLOCKS = YES;
				GCC_WARN_64_TO_32_BIT_CONVERSION = YES;
				GCC_WARN_ABOUT_RETURN_TYPE = YES_ERROR;
				GCC_WARN_UNDECLARED_SELECTOR = YES;
				GCC_WARN_UNINITIALIZED_AUTOS = YES_AGGRESSIVE;
				GCC_WARN_UNUSED_FUNCTION = YES;
				GCC_WARN_UNUSED_VARIABLE = YES;
				LOCALIZATION_PREFERS_STRING_CATALOGS = YES;
				MTL_ENABLE_DEBUG_INFO = NO;
				MTL_FAST_MATH = YES;
				SWIFT_COMPILATION_MODE = wholemodule;
			};
			name = Release;
		};
		ABF407972B90238200444A48 /* Debug */ = {
			isa = XCBuildConfiguration;
			buildSettings = {
				ALWAYS_EMBED_SWIFT_STANDARD_LIBRARIES = YES;
				ASSETCATALOG_COMPILER_APPICON_NAME = AppIcon;
				ASSETCATALOG_COMPILER_GLOBAL_ACCENT_COLOR_NAME = AccentColor;
				CODE_SIGN_ENTITLEMENTS = "Teachers Pet/Teachers_Pet.entitlements";
				"CODE_SIGN_IDENTITY[sdk=macosx*]" = "Apple Development";
				CODE_SIGN_STYLE = Automatic;
				CURRENT_PROJECT_VERSION = 1;
				DEVELOPMENT_ASSET_PATHS = "";
				DEVELOPMENT_TEAM = LK4997QHS7;
				ENABLE_HARDENED_RUNTIME = YES;
				ENABLE_PREVIEWS = YES;
				GENERATE_INFOPLIST_FILE = YES;
				INFOPLIST_KEY_NSCameraUsageDescription = "For QR Code scanning only.";
				INFOPLIST_KEY_NSSupportsLiveActivities = YES;
				"INFOPLIST_KEY_UIApplicationSceneManifest_Generation[sdk=iphoneos*]" = YES;
				"INFOPLIST_KEY_UIApplicationSceneManifest_Generation[sdk=iphonesimulator*]" = YES;
				"INFOPLIST_KEY_UIApplicationSupportsIndirectInputEvents[sdk=iphoneos*]" = YES;
				"INFOPLIST_KEY_UIApplicationSupportsIndirectInputEvents[sdk=iphonesimulator*]" = YES;
				"INFOPLIST_KEY_UILaunchScreen_Generation[sdk=iphoneos*]" = YES;
				"INFOPLIST_KEY_UILaunchScreen_Generation[sdk=iphonesimulator*]" = YES;
				"INFOPLIST_KEY_UIStatusBarStyle[sdk=iphoneos*]" = UIStatusBarStyleDefault;
				"INFOPLIST_KEY_UIStatusBarStyle[sdk=iphonesimulator*]" = UIStatusBarStyleDefault;
				IPHONEOS_DEPLOYMENT_TARGET = 16.3;
				LD_RUNPATH_SEARCH_PATHS = "@executable_path/Frameworks";
				"LD_RUNPATH_SEARCH_PATHS[sdk=macosx*]" = "@executable_path/../Frameworks";
				MACOSX_DEPLOYMENT_TARGET = 13.3;
				MARKETING_VERSION = 1.0;
				PRODUCT_BUNDLE_IDENTIFIER = "com.macintAsh.Teachers-Pet";
				PRODUCT_NAME = "$(TARGET_NAME)";
				SDKROOT = auto;
				SUPPORTED_PLATFORMS = "iphoneos iphonesimulator macosx";
				SWIFT_EMIT_LOC_STRINGS = YES;
				SWIFT_VERSION = 5.0;
				TARGETED_DEVICE_FAMILY = "1,2";
			};
			name = Debug;
		};
		ABF407982B90238200444A48 /* Release */ = {
			isa = XCBuildConfiguration;
			buildSettings = {
				ALWAYS_EMBED_SWIFT_STANDARD_LIBRARIES = YES;
				ASSETCATALOG_COMPILER_APPICON_NAME = AppIcon;
				ASSETCATALOG_COMPILER_GLOBAL_ACCENT_COLOR_NAME = AccentColor;
				CODE_SIGN_ENTITLEMENTS = "Teachers Pet/Teachers_Pet.entitlements";
				"CODE_SIGN_IDENTITY[sdk=macosx*]" = "Apple Development";
				CODE_SIGN_STYLE = Automatic;
				CURRENT_PROJECT_VERSION = 1;
				DEVELOPMENT_ASSET_PATHS = "";
				DEVELOPMENT_TEAM = LK4997QHS7;
				ENABLE_HARDENED_RUNTIME = YES;
				ENABLE_PREVIEWS = YES;
				GENERATE_INFOPLIST_FILE = YES;
				INFOPLIST_KEY_NSCameraUsageDescription = "For QR Code scanning only.";
				INFOPLIST_KEY_NSSupportsLiveActivities = YES;
				"INFOPLIST_KEY_UIApplicationSceneManifest_Generation[sdk=iphoneos*]" = YES;
				"INFOPLIST_KEY_UIApplicationSceneManifest_Generation[sdk=iphonesimulator*]" = YES;
				"INFOPLIST_KEY_UIApplicationSupportsIndirectInputEvents[sdk=iphoneos*]" = YES;
				"INFOPLIST_KEY_UIApplicationSupportsIndirectInputEvents[sdk=iphonesimulator*]" = YES;
				"INFOPLIST_KEY_UILaunchScreen_Generation[sdk=iphoneos*]" = YES;
				"INFOPLIST_KEY_UILaunchScreen_Generation[sdk=iphonesimulator*]" = YES;
				"INFOPLIST_KEY_UIStatusBarStyle[sdk=iphoneos*]" = UIStatusBarStyleDefault;
				"INFOPLIST_KEY_UIStatusBarStyle[sdk=iphonesimulator*]" = UIStatusBarStyleDefault;
				IPHONEOS_DEPLOYMENT_TARGET = 16.3;
				LD_RUNPATH_SEARCH_PATHS = "@executable_path/Frameworks";
				"LD_RUNPATH_SEARCH_PATHS[sdk=macosx*]" = "@executable_path/../Frameworks";
				MACOSX_DEPLOYMENT_TARGET = 13.3;
				MARKETING_VERSION = 1.0;
				PRODUCT_BUNDLE_IDENTIFIER = "com.macintAsh.Teachers-Pet";
				PRODUCT_NAME = "$(TARGET_NAME)";
				SDKROOT = auto;
				SUPPORTED_PLATFORMS = "iphoneos iphonesimulator macosx";
				SWIFT_EMIT_LOC_STRINGS = YES;
				SWIFT_VERSION = 5.0;
				TARGETED_DEVICE_FAMILY = "1,2";
			};
			name = Release;
		};
/* End XCBuildConfiguration section */

/* Begin XCConfigurationList section */
		AB5B09742B967549004CAE7A /* Build configuration list for PBXNativeTarget "OfficeHoursExtension" */ = {
			isa = XCConfigurationList;
			buildConfigurations = (
				AB5B09752B967549004CAE7A /* Debug */,
				AB5B09762B967549004CAE7A /* Release */,
			);
			defaultConfigurationIsVisible = 0;
			defaultConfigurationName = Release;
		};
		ABC70DF92B713DD000A4FFF3 /* Build configuration list for PBXProject "Teachers Pet" */ = {
			isa = XCConfigurationList;
			buildConfigurations = (
				ABC70E0B2B713DD100A4FFF3 /* Debug */,
				ABC70E0C2B713DD100A4FFF3 /* Release */,
			);
			defaultConfigurationIsVisible = 0;
			defaultConfigurationName = Release;
		};
		ABF407962B90238200444A48 /* Build configuration list for PBXNativeTarget "Teachers Pet" */ = {
			isa = XCConfigurationList;
			buildConfigurations = (
				ABF407972B90238200444A48 /* Debug */,
				ABF407982B90238200444A48 /* Release */,
			);
			defaultConfigurationIsVisible = 0;
			defaultConfigurationName = Release;
		};
/* End XCConfigurationList section */

/* Begin XCRemoteSwiftPackageReference section */
		AB7F0C632B90278F00317EDF /* XCRemoteSwiftPackageReference "firebase-ios-sdk" */ = {
			isa = XCRemoteSwiftPackageReference;
			repositoryURL = "https://github.com/firebase/firebase-ios-sdk";
			requirement = {
				kind = upToNextMajorVersion;
				minimumVersion = 10.21.0;
			};
		};
		ABB465062B902A00007B3AA1 /* XCRemoteSwiftPackageReference "CodeScanner" */ = {
			isa = XCRemoteSwiftPackageReference;
			repositoryURL = "https://github.com/twostraws/CodeScanner";
			requirement = {
				kind = upToNextMajorVersion;
				minimumVersion = 2.4.0;
			};
		};
/* End XCRemoteSwiftPackageReference section */

/* Begin XCSwiftPackageProductDependency section */
		AB7F0C642B90278F00317EDF /* FirebaseAnalytics */ = {
			isa = XCSwiftPackageProductDependency;
			package = AB7F0C632B90278F00317EDF /* XCRemoteSwiftPackageReference "firebase-ios-sdk" */;
			productName = FirebaseAnalytics;
		};
		AB7F0C662B90278F00317EDF /* FirebaseAnalyticsOnDeviceConversion */ = {
			isa = XCSwiftPackageProductDependency;
			package = AB7F0C632B90278F00317EDF /* XCRemoteSwiftPackageReference "firebase-ios-sdk" */;
			productName = FirebaseAnalyticsOnDeviceConversion;
		};
		AB7F0C682B90278F00317EDF /* FirebaseAnalyticsSwift */ = {
			isa = XCSwiftPackageProductDependency;
			package = AB7F0C632B90278F00317EDF /* XCRemoteSwiftPackageReference "firebase-ios-sdk" */;
			productName = FirebaseAnalyticsSwift;
		};
		AB7F0C6A2B90278F00317EDF /* FirebaseAnalyticsWithoutAdIdSupport */ = {
			isa = XCSwiftPackageProductDependency;
			package = AB7F0C632B90278F00317EDF /* XCRemoteSwiftPackageReference "firebase-ios-sdk" */;
			productName = FirebaseAnalyticsWithoutAdIdSupport;
		};
		AB7F0C6C2B90278F00317EDF /* FirebaseAppCheck */ = {
			isa = XCSwiftPackageProductDependency;
			package = AB7F0C632B90278F00317EDF /* XCRemoteSwiftPackageReference "firebase-ios-sdk" */;
			productName = FirebaseAppCheck;
		};
		AB7F0C6E2B90278F00317EDF /* FirebaseAppDistribution-Beta */ = {
			isa = XCSwiftPackageProductDependency;
			package = AB7F0C632B90278F00317EDF /* XCRemoteSwiftPackageReference "firebase-ios-sdk" */;
			productName = "FirebaseAppDistribution-Beta";
		};
		AB7F0C702B90278F00317EDF /* FirebaseAuth */ = {
			isa = XCSwiftPackageProductDependency;
			package = AB7F0C632B90278F00317EDF /* XCRemoteSwiftPackageReference "firebase-ios-sdk" */;
			productName = FirebaseAuth;
		};
		AB7F0C722B90278F00317EDF /* FirebaseAuthCombine-Community */ = {
			isa = XCSwiftPackageProductDependency;
			package = AB7F0C632B90278F00317EDF /* XCRemoteSwiftPackageReference "firebase-ios-sdk" */;
			productName = "FirebaseAuthCombine-Community";
		};
		AB7F0C742B90278F00317EDF /* FirebaseCrashlytics */ = {
			isa = XCSwiftPackageProductDependency;
			package = AB7F0C632B90278F00317EDF /* XCRemoteSwiftPackageReference "firebase-ios-sdk" */;
			productName = FirebaseCrashlytics;
		};
		AB7F0C762B90278F00317EDF /* FirebaseDatabase */ = {
			isa = XCSwiftPackageProductDependency;
			package = AB7F0C632B90278F00317EDF /* XCRemoteSwiftPackageReference "firebase-ios-sdk" */;
			productName = FirebaseDatabase;
		};
		AB7F0C782B90278F00317EDF /* FirebaseDatabaseSwift */ = {
			isa = XCSwiftPackageProductDependency;
			package = AB7F0C632B90278F00317EDF /* XCRemoteSwiftPackageReference "firebase-ios-sdk" */;
			productName = FirebaseDatabaseSwift;
		};
		AB7F0C7A2B90278F00317EDF /* FirebaseDynamicLinks */ = {
			isa = XCSwiftPackageProductDependency;
			package = AB7F0C632B90278F00317EDF /* XCRemoteSwiftPackageReference "firebase-ios-sdk" */;
			productName = FirebaseDynamicLinks;
		};
		AB7F0C7C2B90278F00317EDF /* FirebaseFirestore */ = {
			isa = XCSwiftPackageProductDependency;
			package = AB7F0C632B90278F00317EDF /* XCRemoteSwiftPackageReference "firebase-ios-sdk" */;
			productName = FirebaseFirestore;
		};
		AB7F0C7E2B90278F00317EDF /* FirebaseFirestoreCombine-Community */ = {
			isa = XCSwiftPackageProductDependency;
			package = AB7F0C632B90278F00317EDF /* XCRemoteSwiftPackageReference "firebase-ios-sdk" */;
			productName = "FirebaseFirestoreCombine-Community";
		};
		AB7F0C802B90278F00317EDF /* FirebaseFirestoreSwift */ = {
			isa = XCSwiftPackageProductDependency;
			package = AB7F0C632B90278F00317EDF /* XCRemoteSwiftPackageReference "firebase-ios-sdk" */;
			productName = FirebaseFirestoreSwift;
		};
		AB7F0C822B90278F00317EDF /* FirebaseFunctions */ = {
			isa = XCSwiftPackageProductDependency;
			package = AB7F0C632B90278F00317EDF /* XCRemoteSwiftPackageReference "firebase-ios-sdk" */;
			productName = FirebaseFunctions;
		};
		AB7F0C842B90278F00317EDF /* FirebaseFunctionsCombine-Community */ = {
			isa = XCSwiftPackageProductDependency;
			package = AB7F0C632B90278F00317EDF /* XCRemoteSwiftPackageReference "firebase-ios-sdk" */;
			productName = "FirebaseFunctionsCombine-Community";
		};
		AB7F0C862B90278F00317EDF /* FirebaseInstallations */ = {
			isa = XCSwiftPackageProductDependency;
			package = AB7F0C632B90278F00317EDF /* XCRemoteSwiftPackageReference "firebase-ios-sdk" */;
			productName = FirebaseInstallations;
		};
		AB7F0C882B90278F00317EDF /* FirebaseMLModelDownloader */ = {
			isa = XCSwiftPackageProductDependency;
			package = AB7F0C632B90278F00317EDF /* XCRemoteSwiftPackageReference "firebase-ios-sdk" */;
			productName = FirebaseMLModelDownloader;
		};
		AB7F0C8A2B90278F00317EDF /* FirebaseMessaging */ = {
			isa = XCSwiftPackageProductDependency;
			package = AB7F0C632B90278F00317EDF /* XCRemoteSwiftPackageReference "firebase-ios-sdk" */;
			productName = FirebaseMessaging;
		};
		AB7F0C8C2B90278F00317EDF /* FirebasePerformance */ = {
			isa = XCSwiftPackageProductDependency;
			package = AB7F0C632B90278F00317EDF /* XCRemoteSwiftPackageReference "firebase-ios-sdk" */;
			productName = FirebasePerformance;
		};
		AB7F0C8E2B90278F00317EDF /* FirebaseRemoteConfig */ = {
			isa = XCSwiftPackageProductDependency;
			package = AB7F0C632B90278F00317EDF /* XCRemoteSwiftPackageReference "firebase-ios-sdk" */;
			productName = FirebaseRemoteConfig;
		};
		AB7F0C902B90278F00317EDF /* FirebaseRemoteConfigSwift */ = {
			isa = XCSwiftPackageProductDependency;
			package = AB7F0C632B90278F00317EDF /* XCRemoteSwiftPackageReference "firebase-ios-sdk" */;
			productName = FirebaseRemoteConfigSwift;
		};
		ABB465072B902A00007B3AA1 /* CodeScanner */ = {
			isa = XCSwiftPackageProductDependency;
			package = ABB465062B902A00007B3AA1 /* XCRemoteSwiftPackageReference "CodeScanner" */;
			productName = CodeScanner;
		};
/* End XCSwiftPackageProductDependency section */
	};
	rootObject = ABC70DF62B713DD000A4FFF3 /* Project object */;
}
